
Microsoft Visual Studio Solution File, Format Version 11.00
# Visual Studio 2010
Project("{FAE04EC0-301F-11D3-BF4B-00C04F79EFBC}") = "Unity.Timeline", "Unity.Timeline.csproj", "{a14a500d-8081-93b8-7f11-766a7508ceed}"
EndProject
Project("{FAE04EC0-301F-11D3-BF4B-00C04F79EFBC}") = "Oculus.Platform", "Oculus.Platform.csproj", "{0983bd93-d3a6-4604-a834-6207fd85debe}"
EndProject
Project("{FAE04EC0-301F-11D3-BF4B-00C04F79EFBC}") = "Unity.Timeline.Editor", "Unity.Timeline.Editor.csproj", "{bf929ad9-f041-97d7-e4d7-de5bf42e81db}"
EndProject
Project("{FAE04EC0-301F-11D3-BF4B-00C04F79EFBC}") = "Unity.TextMeshPro.Editor", "Unity.TextMeshPro.Editor.csproj", "{ae27d534-fbaf-7e1b-a493-4d95f78bb0a4}"
EndProject
Project("{FAE04EC0-301F-11D3-BF4B-00C04F79EFBC}") = "Unity.XR.Management", "Unity.XR.Management.csproj", "{b3351138-ec5e-d84d-2670-5acaae82593c}"
EndProject
Project("{FAE04EC0-301F-11D3-BF4B-00C04F79EFBC}") = "Oculus.Interaction", "Oculus.Interaction.csproj", "{530f851c-8db2-db94-6ce1-5e0c76ba6df4}"
EndProject
Project("{FAE04EC0-301F-11D3-BF4B-00C04F79EFBC}") = "Meta.WitAi.TTS", "Meta.WitAi.TTS.csproj", "{9218eac8-9afe-1a52-3679-e2e69f41d4ae}"
EndProject
Project("{FAE04EC0-301F-11D3-BF4B-00C04F79EFBC}") = "Meta.Voice.VSDKHub.Editor", "Meta.Voice.VSDKHub.Editor.csproj", "{c74ee808-2ffd-4fe6-413b-c32a867a244d}"
EndProject
Project("{FAE04EC0-301F-11D3-BF4B-00C04F79EFBC}") = "Meta.WitAi.Lib", "Meta.WitAi.Lib.csproj", "{ab633552-acd2-1e4d-c92c-d60624584a2e}"
EndProject
Project("{FAE04EC0-301F-11D3-BF4B-00C04F79EFBC}") = "Unity.VisualScripting.Flow", "Unity.VisualScripting.Flow.csproj", "{7e8e0d30-f128-0db0-d68d-aa685d5b362c}"
EndProject
Project("{FAE04EC0-301F-11D3-BF4B-00C04F79EFBC}") = "UnityEditor.UI", "UnityEditor.UI.csproj", "{200aa341-80f3-6ba4-cd38-fe839fbcbc4c}"
EndProject
Project("{FAE04EC0-301F-11D3-BF4B-00C04F79EFBC}") = "Meta.XR.BuildingBlocks", "Meta.XR.BuildingBlocks.csproj", "{627468a1-cc6f-55ee-262f-8a40d290e974}"
EndProject
Project("{FAE04EC0-301F-11D3-BF4B-00C04F79EFBC}") = "Unity.PlasticSCM.Editor", "Unity.PlasticSCM.Editor.csproj", "{4c2c289a-6d97-7df1-d8ae-11179c2f23b8}"
EndProject
Project("{FAE04EC0-301F-11D3-BF4B-00C04F79EFBC}") = "Meta.WitAi", "Meta.WitAi.csproj", "{3e4e6b8e-f175-02e2-4c47-80a0ad059293}"
EndProject
Project("{FAE04EC0-301F-11D3-BF4B-00C04F79EFBC}") = "Unity.VisualScripting.Core", "Unity.VisualScripting.Core.csproj", "{19905792-7b7b-bb04-f789-022783db4305}"
EndProject
Project("{FAE04EC0-301F-11D3-BF4B-00C04F79EFBC}") = "Meta.WitAi.Editor", "Meta.WitAi.Editor.csproj", "{d113e288-8d67-b867-be69-cf7b20179744}"
EndProject
Project("{FAE04EC0-301F-11D3-BF4B-00C04F79EFBC}") = "Oculus.Interaction.Editor", "Oculus.Interaction.Editor.csproj", "{3fd896af-1263-114e-b3ff-e4d81aa3cded}"
EndProject
Project("{FAE04EC0-301F-11D3-BF4B-00C04F79EFBC}") = "Oculus.Platform.Editor", "Oculus.Platform.Editor.csproj", "{beeb5220-c6bb-1435-f638-f4802ed020fe}"
EndProject
Project("{FAE04EC0-301F-11D3-BF4B-00C04F79EFBC}") = "Unity.VisualScripting.Core.Editor", "Unity.VisualScripting.Core.Editor.csproj", "{de0b6104-6510-d405-da06-585750d01e23}"
EndProject
Project("{FAE04EC0-301F-11D3-BF4B-00C04F79EFBC}") = "Unity.VisualScripting.Flow.Editor", "Unity.VisualScripting.Flow.Editor.csproj", "{9aab5102-0d1d-3820-d193-05dbc0de61dc}"
EndProject
Project("{FAE04EC0-301F-11D3-BF4B-00C04F79EFBC}") = "UnityEditor.TestRunner", "UnityEditor.TestRunner.csproj", "{1f829b99-a624-ff62-e246-7d1a9ef9d1d6}"
EndProject
Project("{FAE04EC0-301F-11D3-BF4B-00C04F79EFBC}") = "Oculus.VR.Editor", "Oculus.VR.Editor.csproj", "{84d401f1-a9af-0266-8306-ce652164f26c}"
EndProject
Project("{FAE04EC0-301F-11D3-BF4B-00C04F79EFBC}") = "Meta.WitAi.Conduit.Editor", "Meta.WitAi.Conduit.Editor.csproj", "{40425866-f05d-1829-cdeb-fcadc107ca12}"
EndProject
Project("{FAE04EC0-301F-11D3-BF4B-00C04F79EFBC}") = "Unity.VisualScripting.SettingsProvider.Editor", "Unity.VisualScripting.SettingsProvider.Editor.csproj", "{e2ce3dd0-7a33-6c9f-cf93-d324d93e613f}"
EndProject
Project("{FAE04EC0-301F-11D3-BF4B-00C04F79EFBC}") = "UnityEngine.TestRunner", "UnityEngine.TestRunner.csproj", "{4b482508-7345-15e0-5d87-070cdff737a8}"
EndProject
Project("{FAE04EC0-301F-11D3-BF4B-00C04F79EFBC}") = "Meta.WitAI.Lib.Editor", "Meta.WitAI.Lib.Editor.csproj", "{4e73b17b-2cdb-4b08-0935-6e2b29cc9370}"
EndProject
Project("{FAE04EC0-301F-11D3-BF4B-00C04F79EFBC}") = "Oculus.VR", "Oculus.VR.csproj", "{257351db-2c5f-54af-e53f-ff34ee9253b3}"
EndProject
Project("{FAE04EC0-301F-11D3-BF4B-00C04F79EFBC}") = "Oculus.Interaction.OVR", "Oculus.Interaction.OVR.csproj", "{b0559534-761e-0bf3-a740-7e62013bfa52}"
EndProject
Project("{FAE04EC0-301F-11D3-BF4B-00C04F79EFBC}") = "VoiceSDK.Editor", "VoiceSDK.Editor.csproj", "{85e69aa5-f83e-41a2-5b03-3ba1b295391d}"
EndProject
Project("{FAE04EC0-301F-11D3-BF4B-00C04F79EFBC}") = "Unity.XR.Oculus", "Unity.XR.Oculus.csproj", "{7a9a031e-c657-34b9-dea3-9c8c81a1e752}"
EndProject
Project("{FAE04EC0-301F-11D3-BF4B-00C04F79EFBC}") = "Oculus.Interaction.OVR.Samples", "Oculus.Interaction.OVR.Samples.csproj", "{dbed03ec-8b70-5136-05df-641ce7b5ae24}"
EndProject
Project("{FAE04EC0-301F-11D3-BF4B-00C04F79EFBC}") = "Unity.XR.Management.Editor", "Unity.XR.Management.Editor.csproj", "{cfa527fa-0df6-036e-bcbb-5db3c834ca14}"
EndProject
Project("{FAE04EC0-301F-11D3-BF4B-00C04F79EFBC}") = "UnityEngine.UI", "UnityEngine.UI.csproj", "{12da5da1-cecc-2150-7051-bb2897b2b377}"
EndProject
Project("{FAE04EC0-301F-11D3-BF4B-00C04F79EFBC}") = "Meta.Wit.Composer", "Meta.Wit.Composer.csproj", "{6ddafa8c-0f88-8597-0649-e9a47edafbda}"
EndProject
Project("{FAE04EC0-301F-11D3-BF4B-00C04F79EFBC}") = "Unity.AI.Navigation.Editor", "Unity.AI.Navigation.Editor.csproj", "{62016653-f245-e85d-f8df-595bf81b6d45}"
EndProject
Project("{FAE04EC0-301F-11D3-BF4B-00C04F79EFBC}") = "Oculus.VR.Scripts.Editor", "Oculus.VR.Scripts.Editor.csproj", "{0a2b5bc2-bf41-8b91-590a-ac553744d606}"
EndProject
Project("{FAE04EC0-301F-11D3-BF4B-00C04F79EFBC}") = "Meta.WitAi.Conduit", "Meta.WitAi.Conduit.csproj", "{0e8a3538-a073-6a13-a64e-9dc207c09f9e}"
EndProject
Project("{FAE04EC0-301F-11D3-BF4B-00C04F79EFBC}") = "Unity.VisualStudio.Editor", "Unity.VisualStudio.Editor.csproj", "{32d309b4-e904-5386-ac6d-2a931a472a4a}"
EndProject
Project("{FAE04EC0-301F-11D3-BF4B-00C04F79EFBC}") = "Unity.XR.Oculus.Editor", "Unity.XR.Oculus.Editor.csproj", "{fb6f5a7a-54d6-3b92-caad-93ea6f48cc77}"
EndProject
Project("{FAE04EC0-301F-11D3-BF4B-00C04F79EFBC}") = "VoiceSDK.Dictation.Runtime", "VoiceSDK.Dictation.Runtime.csproj", "{99a0c4ab-b68c-033e-55cb-21680cb664b1}"
EndProject
Project("{FAE04EC0-301F-11D3-BF4B-00C04F79EFBC}") = "VoiceSDK.Runtime", "VoiceSDK.Runtime.csproj", "{d520532a-0474-ac98-5d13-5c8977e992fd}"
EndProject
Project("{FAE04EC0-301F-11D3-BF4B-00C04F79EFBC}") = "Unity.TestTools.CodeCoverage.Editor.OpenCover.Model", "Unity.TestTools.CodeCoverage.Editor.OpenCover.Model.csproj", "{d90d7ed5-3d8c-4e9f-d9f2-e26c1203d23f}"
EndProject
Project("{FAE04EC0-301F-11D3-BF4B-00C04F79EFBC}") = "Unity.Rider.Editor", "Unity.Rider.Editor.csproj", "{f1d99d1d-c4e6-4bb6-57b4-0c007b4c5fd0}"
EndProject
Project("{FAE04EC0-301F-11D3-BF4B-00C04F79EFBC}") = "VoiceSDK.Telemetry", "VoiceSDK.Telemetry.csproj", "{9e28e72d-9858-a15e-ecce-cbf5facdb21d}"
EndProject
Project("{FAE04EC0-301F-11D3-BF4B-00C04F79EFBC}") = "Oculus.Interaction.OVR.Editor", "Oculus.Interaction.OVR.Editor.csproj", "{4981db51-f61c-82dd-4fd5-909a6680118a}"
EndProject
Project("{FAE04EC0-301F-11D3-BF4B-00C04F79EFBC}") = "Oculus.Haptics", "Oculus.Haptics.csproj", "{cd100174-ad46-407f-5094-69195ff13fc7}"
EndProject
Project("{FAE04EC0-301F-11D3-BF4B-00C04F79EFBC}") = "Unity.AI.Navigation", "Unity.AI.Navigation.csproj", "{67d09daf-ec55-6c19-fbda-7e0b596ed928}"
EndProject
Project("{FAE04EC0-301F-11D3-BF4B-00C04F79EFBC}") = "meta.xr.mrutilitykit", "meta.xr.mrutilitykit.csproj", "{2ba16813-816a-8b21-3f9b-ecad8d6f35d8}"
EndProject
Project("{FAE04EC0-301F-11D3-BF4B-00C04F79EFBC}") = "AssistantCoreSDKRuntime", "AssistantCoreSDKRuntime.csproj", "{12e946a7-d3fa-2a22-0bae-64fbf9a73eb0}"
EndProject
Project("{FAE04EC0-301F-11D3-BF4B-00C04F79EFBC}") = "Unity.AI.Navigation.Editor.ConversionSystem", "Unity.AI.Navigation.Editor.ConversionSystem.csproj", "{945c95f7-7cf5-ad2d-3132-373ba33bddb0}"
EndProject
Project("{FAE04EC0-301F-11D3-BF4B-00C04F79EFBC}") = "Unity.VisualScripting.State.Editor", "Unity.VisualScripting.State.Editor.csproj", "{5a23a6f8-e811-c7c8-9ffa-c269d31b88f0}"
EndProject
Project("{FAE04EC0-301F-11D3-BF4B-00C04F79EFBC}") = "Meta.XR.BuildingBlocks.Editor", "Meta.XR.BuildingBlocks.Editor.csproj", "{3eae00a6-ddb6-76b2-f133-0ead7f28b79f}"
EndProject
Project("{FAE04EC0-301F-11D3-BF4B-00C04F79EFBC}") = "Meta.XR.Audio.Editor", "Meta.XR.Audio.Editor.csproj", "{08b68256-03ee-d21a-a0df-e58fcdacedec}"
EndProject
Project("{FAE04EC0-301F-11D3-BF4B-00C04F79EFBC}") = "UnityEditor.XR.LegacyInputHelpers", "UnityEditor.XR.LegacyInputHelpers.csproj", "{49090483-26b3-0f33-d280-9114843d1609}"
EndProject
Project("{FAE04EC0-301F-11D3-BF4B-00C04F79EFBC}") = "Unity.TestTools.CodeCoverage.Editor", "Unity.TestTools.CodeCoverage.Editor.csproj", "{85e764c7-6e39-92ed-a172-c4cfeda8a0c5}"
EndProject
Project("{FAE04EC0-301F-11D3-BF4B-00C04F79EFBC}") = "Meta.Voice.Samples.WitShapes", "Meta.Voice.Samples.WitShapes.csproj", "{53738fb3-b056-2acc-8be4-7f4f439538bd}"
EndProject
Project("{FAE04EC0-301F-11D3-BF4B-00C04F79EFBC}") = "Meta.XR.GuidedSetups.Editor", "Meta.XR.GuidedSetups.Editor.csproj", "{3f96ebeb-533d-d2fa-f29b-5e7cd8f20c45}"
EndProject
Project("{FAE04EC0-301F-11D3-BF4B-00C04F79EFBC}") = "Meta.XR.Editor.StatusMenu", "Meta.XR.Editor.StatusMenu.csproj", "{27624517-da76-3817-f32e-2c3e111ffbff}"
EndProject
Project("{FAE04EC0-301F-11D3-BF4B-00C04F79EFBC}") = "Unity.VisualScripting.State", "Unity.VisualScripting.State.csproj", "{b90075ff-1f46-5d0e-3e0f-8fc899b45c22}"
EndProject
Project("{FAE04EC0-301F-11D3-BF4B-00C04F79EFBC}") = "Unity.TextMeshPro", "Unity.TextMeshPro.csproj", "{8d1930ad-7f40-2db6-4fb6-54563bba1591}"
EndProject
Project("{FAE04EC0-301F-11D3-BF4B-00C04F79EFBC}") = "Unity.Performance.Profile-Analyzer.Editor", "Unity.Performance.Profile-Analyzer.Editor.csproj", "{cc419b29-0390-40f5-51b5-2df3f037f0e1}"
EndProject
Project("{FAE04EC0-301F-11D3-BF4B-00C04F79EFBC}") = "xr.sdk.sharedassets.runtime", "xr.sdk.sharedassets.runtime.csproj", "{2743c498-e8c2-4210-3781-117bd2ae0de1}"
EndProject
Project("{FAE04EC0-301F-11D3-BF4B-00C04F79EFBC}") = "AssistantVoiceCommandCommon", "AssistantVoiceCommandCommon.csproj", "{1cd069a1-695e-4d1a-d21f-1494405baf70}"
EndProject
Project("{FAE04EC0-301F-11D3-BF4B-00C04F79EFBC}") = "Meta.Wit.Dictation.Editor", "Meta.Wit.Dictation.Editor.csproj", "{586581de-ad2a-152b-67d1-1bc5289ac999}"
EndProject
Project("{FAE04EC0-301F-11D3-BF4B-00C04F79EFBC}") = "Unity.VSCode.Editor", "Unity.VSCode.Editor.csproj", "{4b44c002-f7be-a125-cf42-03af3da94fc9}"
EndProject
Project("{FAE04EC0-301F-11D3-BF4B-00C04F79EFBC}") = "Unity.Toolchain.Linux-x86_64", "Unity.Toolchain.Linux-x86_64.csproj", "{71842c3f-786d-069a-cecd-d23dc2df0bdd}"
EndProject
Project("{FAE04EC0-301F-11D3-BF4B-00C04F79EFBC}") = "Unity.TestTools.CodeCoverage.Editor.OpenCover.Mono.Reflection", "Unity.TestTools.CodeCoverage.Editor.OpenCover.Mono.Reflection.csproj", "{d0518973-5724-1f97-af75-f872e67751c2}"
EndProject
Project("{FAE04EC0-301F-11D3-BF4B-00C04F79EFBC}") = "Unity.Sysroot.Linux_x86_64", "Unity.Sysroot.Linux_x86_64.csproj", "{8896bcdf-b757-5b07-a7c0-47e37d18625a}"
EndProject
Project("{FAE04EC0-301F-11D3-BF4B-00C04F79EFBC}") = "VoiceSDK.Dictation.Editor", "VoiceSDK.Dictation.Editor.csproj", "{9c0388ea-68b2-cfc3-006b-3d9d04ab35c2}"
EndProject
Project("{FAE04EC0-301F-11D3-BF4B-00C04F79EFBC}") = "Unity.AI.Navigation.Updater", "Unity.AI.Navigation.Updater.csproj", "{09a6c688-6287-1f6f-d023-dba1e31933a1}"
EndProject
Project("{FAE04EC0-301F-11D3-BF4B-00C04F79EFBC}") = "UnityEditor.SpatialTracking", "UnityEditor.SpatialTracking.csproj", "{d98e7305-4310-5aeb-4975-55d59674bb3b}"
EndProject
Project("{FAE04EC0-301F-11D3-BF4B-00C04F79EFBC}") = "Meta.Voice.Hub.Editor", "Meta.Voice.Hub.Editor.csproj", "{e967724a-8865-a898-bf42-3020267973e3}"
EndProject
Project("{FAE04EC0-301F-11D3-BF4B-00C04F79EFBC}") = "Unity.Settings.Editor", "Unity.Settings.Editor.csproj", "{bde4cbdf-2f18-31b7-03c2-745cc4e19429}"
EndProject
Project("{FAE04EC0-301F-11D3-BF4B-00C04F79EFBC}") = "Assembly-CSharp", "Assembly-CSharp.csproj", "{313dc293-ba86-aa80-7eb6-f21888af446e}"
EndProject
Project("{FAE04EC0-301F-11D3-BF4B-00C04F79EFBC}") = "Oculus.Interaction.InterfaceSupport", "Oculus.Interaction.InterfaceSupport.csproj", "{f92e5b53-5e8f-4ef9-a7f0-75e3b8421634}"
EndProject
Project("{FAE04EC0-301F-11D3-BF4B-00C04F79EFBC}") = "Meta.VoiceSDK.Mic.Common", "Meta.VoiceSDK.Mic.Common.csproj", "{78c53417-7ad9-d374-e674-7a1853062a4b}"
EndProject
Project("{FAE04EC0-301F-11D3-BF4B-00C04F79EFBC}") = "Meta.Wit.Dictation", "Meta.Wit.Dictation.csproj", "{8c820358-aa7b-1958-ce7d-683f48160755}"
EndProject
Project("{FAE04EC0-301F-11D3-BF4B-00C04F79EFBC}") = "Meta.XR.Editor.Tags", "Meta.XR.Editor.Tags.csproj", "{090e9ce7-b915-5016-e36f-2657f8118b24}"
EndProject
Project("{FAE04EC0-301F-11D3-BF4B-00C04F79EFBC}") = "Meta.Wit.Composer.Editor", "Meta.Wit.Composer.Editor.csproj", "{eaeb622a-d758-a068-ce60-46877a873bb7}"
EndProject
Project("{FAE04EC0-301F-11D3-BF4B-00C04F79EFBC}") = "AssistantCoreSDKEditor", "AssistantCoreSDKEditor.csproj", "{f0f5b7ab-0229-6f36-40f2-8c796a0bf919}"
EndProject
Project("{FAE04EC0-301F-11D3-BF4B-00C04F79EFBC}") = "Meta.XR.Editor.Callbacks", "Meta.XR.Editor.Callbacks.csproj", "{be510d75-76fe-be94-7256-9167297db96f}"
EndProject
Project("{FAE04EC0-301F-11D3-BF4B-00C04F79EFBC}") = "Meta.WitAi.TTS.Editor", "Meta.WitAi.TTS.Editor.csproj", "{b5118ad4-a747-c40f-e77c-39ef9a60d275}"
EndProject
Project("{FAE04EC0-301F-11D3-BF4B-00C04F79EFBC}") = "VoiceSDK.Runtime.Composer", "VoiceSDK.Runtime.Composer.csproj", "{90da3c30-b953-83ca-b999-abbb2cd07bd7}"
EndProject
Project("{FAE04EC0-301F-11D3-BF4B-00C04F79EFBC}") = "UnityEngine.SpatialTracking", "UnityEngine.SpatialTracking.csproj", "{ff107140-bc97-6a98-ddb7-79989e4bf5c0}"
EndProject
Project("{FAE04EC0-301F-11D3-BF4B-00C04F79EFBC}") = "AssistantVoiceCommandCommon.Editor", "AssistantVoiceCommandCommon.Editor.csproj", "{cd2190df-3217-424f-a2f0-463775469bb6}"
EndProject
Project("{FAE04EC0-301F-11D3-BF4B-00C04F79EFBC}") = "Meta.XR.Audio", "Meta.XR.Audio.csproj", "{979dec2a-1723-1e22-669d-1cbb6cabc132}"
EndProject
Project("{FAE04EC0-301F-11D3-BF4B-00C04F79EFBC}") = "Unity.EditorCoroutines.Editor", "Unity.EditorCoroutines.Editor.csproj", "{d2d2c942-9161-cc62-9f64-312ebd2d80fd}"
EndProject
Project("{FAE04EC0-301F-11D3-BF4B-00C04F79EFBC}") = "Oculus.Interaction.Samples.Editor", "Oculus.Interaction.Samples.Editor.csproj", "{e551297a-a3e6-6261-2c01-d048b615cf81}"
EndProject
Project("{FAE04EC0-301F-11D3-BF4B-00C04F79EFBC}") = "Meta.Voice.Hub.Runtime", "Meta.Voice.Hub.Runtime.csproj", "{84f11a0a-9ad3-6bc6-ab0d-92d87016e270}"
EndProject
Project("{FAE04EC0-301F-11D3-BF4B-00C04F79EFBC}") = "Meta.VoiceSDK.Mic.WebGL", "Meta.VoiceSDK.Mic.WebGL.csproj", "{fb42f322-9784-d3de-f47e-0b0d0004cf9d}"
EndProject
Project("{FAE04EC0-301F-11D3-BF4B-00C04F79EFBC}") = "Oculus.Haptics.Editor", "Oculus.Haptics.Editor.csproj", "{ade64553-e602-a204-19d7-a86125e53718}"
EndProject
Project("{FAE04EC0-301F-11D3-BF4B-00C04F79EFBC}") = "Unity.SysrootPackage.Editor", "Unity.SysrootPackage.Editor.csproj", "{25a7e83b-dbfb-cc8c-e722-2b4cfe80bcf4}"
EndProject
Project("{FAE04EC0-301F-11D3-BF4B-00C04F79EFBC}") = "VoiceSDK.Editor.Composer", "VoiceSDK.Editor.Composer.csproj", "{7023fb31-867e-e5cd-b309-777189bc545d}"
EndProject
Project("{FAE04EC0-301F-11D3-BF4B-00C04F79EFBC}") = "meta.xr.sdk.sharedassets.editor", "meta.xr.sdk.sharedassets.editor.csproj", "{5e8dffdf-4a41-0e47-42cb-e14c6af387ef}"
EndProject
Project("{FAE04EC0-301F-11D3-BF4B-00C04F79EFBC}") = "UnityEngine.XR.LegacyInputHelpers", "UnityEngine.XR.LegacyInputHelpers.csproj", "{813dcd1c-b24a-f42a-3e3c-412a32b9e995}"
EndProject
Project("{FAE04EC0-301F-11D3-BF4B-00C04F79EFBC}") = "Meta.Voice.Samples.WitResponseDebugger", "Meta.Voice.Samples.WitResponseDebugger.csproj", "{7f1ebe33-e414-150e-5c43-c5f7cabd198e}"
EndProject
Project("{FAE04EC0-301F-11D3-BF4B-00C04F79EFBC}") = "Meta.XR.Editor.UserInterface", "Meta.XR.Editor.UserInterface.csproj", "{4fd2064c-76fb-d89c-4635-0176215980ea}"
EndProject
Project("{FAE04EC0-301F-11D3-BF4B-00C04F79EFBC}") = "Unity.VisualScripting.Shared.Editor", "Unity.VisualScripting.Shared.Editor.csproj", "{ba18416a-ea2d-ac6e-aed9-4e413ac7f2d0}"
EndProject
Project("{FAE04EC0-301F-11D3-BF4B-00C04F79EFBC}") = "MetaXrSimulator.Editor", "MetaXrSimulator.Editor.csproj", "{512fae23-fe47-c501-13d8-8d75c451e271}"
EndProject
Project("{FAE04EC0-301F-11D3-BF4B-00C04F79EFBC}") = "Unity.CollabProxy.Editor", "Unity.CollabProxy.Editor.csproj", "{b73c3978-e1a2-550a-5f80-a644315193a9}"
EndProject
Project("{FAE04EC0-301F-11D3-BF4B-00C04F79EFBC}") = "meta.xr.mrutilitykit.editor", "meta.xr.mrutilitykit.editor.csproj", "{e1f5cc88-56ed-1444-8fe4-7b6519278612}"
EndProject
Project("{FAE04EC0-301F-11D3-BF4B-00C04F79EFBC}") = "Meta.VoiceSDK.Mic.Other", "Meta.VoiceSDK.Mic.Other.csproj", "{c082d5d4-2af1-3156-6dcb-20b71851e33a}"
EndProject
Project("{FAE04EC0-301F-11D3-BF4B-00C04F79EFBC}") = "Unity.Timeline", "Unity.Timeline.Player.csproj", "{edd54a63-50b0-3b06-1043-74b418d1490a}"
EndProject
Project("{FAE04EC0-301F-11D3-BF4B-00C04F79EFBC}") = "Oculus.Platform", "Oculus.Platform.Player.csproj", "{d8982017-c443-e371-c484-81a8cff2ed0b}"
EndProject
Project("{FAE04EC0-301F-11D3-BF4B-00C04F79EFBC}") = "Unity.XR.Management", "Unity.XR.Management.Player.csproj", "{f0eee9ee-18db-198f-fecc-d7735a79444a}"
EndProject
Project("{FAE04EC0-301F-11D3-BF4B-00C04F79EFBC}") = "Oculus.Interaction", "Oculus.Interaction.Player.csproj", "{c5a5621d-1fb0-214a-e7b7-26cdf86644c0}"
EndProject
Project("{FAE04EC0-301F-11D3-BF4B-00C04F79EFBC}") = "Meta.WitAi.TTS", "Meta.WitAi.TTS.Player.csproj", "{ade0fc10-0fa8-5a5c-3577-687154148a8d}"
EndProject
Project("{FAE04EC0-301F-11D3-BF4B-00C04F79EFBC}") = "Meta.WitAi.Lib", "Meta.WitAi.Lib.Player.csproj", "{cdc1e206-50e0-16f1-346e-4b29b5df26c9}"
EndProject
Project("{FAE04EC0-301F-11D3-BF4B-00C04F79EFBC}") = "Unity.VisualScripting.Flow", "Unity.VisualScripting.Flow.Player.csproj", "{7f78136f-6ec2-9a84-6669-52e99e17a4f4}"
EndProject
Project("{FAE04EC0-301F-11D3-BF4B-00C04F79EFBC}") = "Meta.XR.BuildingBlocks", "Meta.XR.BuildingBlocks.Player.csproj", "{bfd01fff-4fa7-cf0b-33d5-2fb621922678}"
EndProject
Project("{FAE04EC0-301F-11D3-BF4B-00C04F79EFBC}") = "Meta.WitAi", "Meta.WitAi.Player.csproj", "{67e8bfa2-160e-0ef8-8909-37bb1aa26900}"
EndProject
Project("{FAE04EC0-301F-11D3-BF4B-00C04F79EFBC}") = "Unity.VisualScripting.Core", "Unity.VisualScripting.Core.Player.csproj", "{a7a6d8cb-8104-5076-c2f5-84a381092840}"
EndProject
Project("{FAE04EC0-301F-11D3-BF4B-00C04F79EFBC}") = "UnityEngine.TestRunner", "UnityEngine.TestRunner.Player.csproj", "{146a27de-e8e1-8229-62aa-996ad7d35893}"
EndProject
Project("{FAE04EC0-301F-11D3-BF4B-00C04F79EFBC}") = "Oculus.VR", "Oculus.VR.Player.csproj", "{cd1345d3-9360-ba37-67b8-d172ae92cdb9}"
EndProject
Project("{FAE04EC0-301F-11D3-BF4B-00C04F79EFBC}") = "Oculus.Interaction.OVR", "Oculus.Interaction.OVR.Player.csproj", "{717f7134-489d-c89a-112f-38883fc095e3}"
EndProject
Project("{FAE04EC0-301F-11D3-BF4B-00C04F79EFBC}") = "Unity.XR.Oculus", "Unity.XR.Oculus.Player.csproj", "{776e440c-d388-18ea-c43b-c73385bff4f8}"
EndProject
Project("{FAE04EC0-301F-11D3-BF4B-00C04F79EFBC}") = "Oculus.Interaction.OVR.Samples", "Oculus.Interaction.OVR.Samples.Player.csproj", "{5df96882-7cef-f24b-20d8-b12cece3f296}"
EndProject
Project("{FAE04EC0-301F-11D3-BF4B-00C04F79EFBC}") = "UnityEngine.UI", "UnityEngine.UI.Player.csproj", "{a9a1fc4e-aaf1-9fda-bc37-52408286bc46}"
EndProject
Project("{FAE04EC0-301F-11D3-BF4B-00C04F79EFBC}") = "Meta.Wit.Composer", "Meta.Wit.Composer.Player.csproj", "{592efced-7c89-4fcc-2cdf-c15a4168522e}"
EndProject
Project("{FAE04EC0-301F-11D3-BF4B-00C04F79EFBC}") = "Meta.WitAi.Conduit", "Meta.WitAi.Conduit.Player.csproj", "{98773423-25d3-cfc4-c8fd-b81c2441daca}"
EndProject
Project("{FAE04EC0-301F-11D3-BF4B-00C04F79EFBC}") = "VoiceSDK.Dictation.Runtime", "VoiceSDK.Dictation.Runtime.Player.csproj", "{a27d74e3-2641-9e1f-07ed-2e5f6247611f}"
EndProject
Project("{FAE04EC0-301F-11D3-BF4B-00C04F79EFBC}") = "VoiceSDK.Runtime", "VoiceSDK.Runtime.Player.csproj", "{7aa46e45-3ce8-1438-57d5-f3be89dfb2ca}"
EndProject
Project("{FAE04EC0-301F-11D3-BF4B-00C04F79EFBC}") = "Oculus.Haptics", "Oculus.Haptics.Player.csproj", "{a8c8e62d-ba43-1b59-daf4-721a8f2e50a9}"
EndProject
Project("{FAE04EC0-301F-11D3-BF4B-00C04F79EFBC}") = "Unity.AI.Navigation", "Unity.AI.Navigation.Player.csproj", "{eada490a-d084-480a-b924-776271e95e33}"
EndProject
Project("{FAE04EC0-301F-11D3-BF4B-00C04F79EFBC}") = "meta.xr.mrutilitykit", "meta.xr.mrutilitykit.Player.csproj", "{49afb0f4-7191-2e76-d5a9-e10b6c5eb45e}"
EndProject
Project("{FAE04EC0-301F-11D3-BF4B-00C04F79EFBC}") = "AssistantCoreSDKRuntime", "AssistantCoreSDKRuntime.Player.csproj", "{c474ed53-1e31-4c87-4569-46c535103e76}"
EndProject
Project("{FAE04EC0-301F-11D3-BF4B-00C04F79EFBC}") = "Meta.Voice.Samples.WitShapes", "Meta.Voice.Samples.WitShapes.Player.csproj", "{2f876704-ed50-0411-bf0f-89e77f5df059}"
EndProject
Project("{FAE04EC0-301F-11D3-BF4B-00C04F79EFBC}") = "Unity.VisualScripting.State", "Unity.VisualScripting.State.Player.csproj", "{0781d866-6c94-3b9b-ee5e-a09e831ec049}"
EndProject
Project("{FAE04EC0-301F-11D3-BF4B-00C04F79EFBC}") = "Unity.TextMeshPro", "Unity.TextMeshPro.Player.csproj", "{12729064-0444-0e74-1aef-a440c862573f}"
EndProject
Project("{FAE04EC0-301F-11D3-BF4B-00C04F79EFBC}") = "xr.sdk.sharedassets.runtime", "xr.sdk.sharedassets.runtime.Player.csproj", "{07ac97e7-13dc-98e1-3948-ca89edb37958}"
EndProject
Project("{FAE04EC0-301F-11D3-BF4B-00C04F79EFBC}") = "AssistantVoiceCommandCommon", "AssistantVoiceCommandCommon.Player.csproj", "{74cb0c4f-8d43-429d-d951-085d58ff8811}"
EndProject
Project("{FAE04EC0-301F-11D3-BF4B-00C04F79EFBC}") = "Assembly-CSharp", "Assembly-CSharp.Player.csproj", "{621d49e2-f53d-ac83-ebd7-0a11ac1cb55a}"
EndProject
Project("{FAE04EC0-301F-11D3-BF4B-00C04F79EFBC}") = "Meta.VoiceSDK.Mic.Common", "Meta.VoiceSDK.Mic.Common.Player.csproj", "{0c4652e8-3b13-c4a5-ad8b-b2f29a9190c5}"
EndProject
Project("{FAE04EC0-301F-11D3-BF4B-00C04F79EFBC}") = "Meta.Wit.Dictation", "Meta.Wit.Dictation.Player.csproj", "{66abfe8e-b72c-5134-01cc-600ca100630a}"
EndProject
Project("{FAE04EC0-301F-11D3-BF4B-00C04F79EFBC}") = "VoiceSDK.Runtime.Composer", "VoiceSDK.Runtime.Composer.Player.csproj", "{37400d7e-c303-197e-efde-c22c198e0ac0}"
EndProject
Project("{FAE04EC0-301F-11D3-BF4B-00C04F79EFBC}") = "UnityEngine.SpatialTracking", "UnityEngine.SpatialTracking.Player.csproj", "{ffc7286c-9383-7e90-12e0-cb55e22ee5cb}"
EndProject
Project("{FAE04EC0-301F-11D3-BF4B-00C04F79EFBC}") = "Meta.XR.Audio", "Meta.XR.Audio.Player.csproj", "{3ab5271d-6ecf-7f2d-a4a8-6a4829c0f8b1}"
EndProject
Project("{FAE04EC0-301F-11D3-BF4B-00C04F79EFBC}") = "Meta.Voice.Hub.Runtime", "Meta.Voice.Hub.Runtime.Player.csproj", "{cb599dc5-3d47-7ce1-4669-ee7bc3058a14}"
EndProject
Project("{FAE04EC0-301F-11D3-BF4B-00C04F79EFBC}") = "UnityEngine.XR.LegacyInputHelpers", "UnityEngine.XR.LegacyInputHelpers.Player.csproj", "{872b4c17-a885-50fa-e8f5-dc02c266dfa2}"
EndProject
Project("{FAE04EC0-301F-11D3-BF4B-00C04F79EFBC}") = "Meta.Voice.Samples.WitResponseDebugger", "Meta.Voice.Samples.WitResponseDebugger.Player.csproj", "{bd6e1955-9ce8-92ed-253b-8f7e2037bd92}"
EndProject
Project("{FAE04EC0-301F-11D3-BF4B-00C04F79EFBC}") = "Meta.VoiceSDK.Mic.Other", "Meta.VoiceSDK.Mic.Other.Player.csproj", "{3b0b0d2b-eebf-248f-0031-5e1f983ec3b4}"
EndProject
Project("{FAE04EC0-301F-11D3-BF4B-00C04F79EFBC}") = "Assembly-CSharp-Editor", "Assembly-CSharp-Editor.csproj", "{1f074ee4-a0bf-5239-cd7a-c03e47dcd38d}"
EndProject
Project("{FAE04EC0-301F-11D3-BF4B-00C04F79EFBC}") = "Assembly-CSharp-firstpass", "Assembly-CSharp-firstpass.csproj", "{946a54f6-79df-c801-3928-a2d4464d250c}"
EndProject
Project("{FAE04EC0-301F-11D3-BF4B-00C04F79EFBC}") = "Unity.Toolchain.Linux-x86_64.EditorTests", "Unity.Toolchain.Linux-x86_64.EditorTests.csproj", "{f61af319-2cc6-abd4-fd4c-1724a623588d}"
EndProject
Project("{FAE04EC0-301F-11D3-BF4B-00C04F79EFBC}") = "Unity.XR.Management.EditorTests", "Unity.XR.Management.EditorTests.csproj", "{21079ab6-e49d-47b1-ba8a-eb80680af3a5}"
EndProject
Project("{FAE04EC0-301F-11D3-BF4B-00C04F79EFBC}") = "Unity.AI.Navigation.Tests", "Unity.AI.Navigation.Tests.csproj", "{52bf82ca-f699-ec1c-ddcc-762aff630660}"
EndProject
Project("{FAE04EC0-301F-11D3-BF4B-00C04F79EFBC}") = "Unity.TestTools.CodeCoverage.Editor.Compatibility", "Unity.TestTools.CodeCoverage.Editor.Compatibility.csproj", "{6e2f4eca-0415-4d77-d6c3-0c66533bc25e}"
EndProject
Project("{FAE04EC0-301F-11D3-BF4B-00C04F79EFBC}") = "UnityEditor.XR.LegacyInputHelpers.Tests", "UnityEditor.XR.LegacyInputHelpers.Tests.csproj", "{35bd410a-051f-df0f-a9ee-b9f30440b6fd}"
EndProject
Project("{FAE04EC0-301F-11D3-BF4B-00C04F79EFBC}") = "Unity.TextMeshPro.Editor.Tests", "Unity.TextMeshPro.Editor.Tests.csproj", "{c6ea1a64-5375-b39b-7ffd-a16fc118ee86}"
EndProject
Project("{FAE04EC0-301F-11D3-BF4B-00C04F79EFBC}") = "DocCodeExamples", "DocCodeExamples.csproj", "{048b574d-91b7-4f4e-b589-758fa448f341}"
EndProject
Project("{FAE04EC0-301F-11D3-BF4B-00C04F79EFBC}") = "Unity.XR.Management.TestPackage.Editor", "Unity.XR.Management.TestPackage.Editor.csproj", "{f7f0847c-4537-e806-0081-1ad1a6d7571f}"
EndProject
Project("{FAE04EC0-301F-11D3-BF4B-00C04F79EFBC}") = "Unity.XR.TestSupport", "Unity.XR.TestSupport.csproj", "{ec7f415a-ba85-6e95-866c-6bbd5690bcc2}"
EndProject
Project("{FAE04EC0-301F-11D3-BF4B-00C04F79EFBC}") = "Unity.XR.Management.Tests.Standalone", "Unity.XR.Management.Tests.Standalone.csproj", "{72810c42-1609-7a1e-6404-28cd3234ecea}"
EndProject
Project("{FAE04EC0-301F-11D3-BF4B-00C04F79EFBC}") = "Unity.Performance.Profile-Analyzer.EditorTests", "Unity.Performance.Profile-Analyzer.EditorTests.csproj", "{a48c2188-80b6-017f-0ca3-343d423f66bb}"
EndProject
Project("{FAE04EC0-301F-11D3-BF4B-00C04F79EFBC}") = "Unity.Settings.Tests", "Unity.Settings.Tests.csproj", "{09dca938-357d-b73a-efbe-6d4b7092ee76}"
EndProject
Project("{FAE04EC0-301F-11D3-BF4B-00C04F79EFBC}") = "Unity.AI.Navigation.Editor.Tests", "Unity.AI.Navigation.Editor.Tests.csproj", "{c7339b65-cd76-549b-c17a-e366db222718}"
EndProject
Project("{FAE04EC0-301F-11D3-BF4B-00C04F79EFBC}") = "UnityEngine.UI.Tests", "UnityEngine.UI.Tests.csproj", "{5d7f4536-1be6-0f6c-b455-94b354de5470}"
EndProject
Project("{FAE04EC0-301F-11D3-BF4B-00C04F79EFBC}") = "Unity.XR.Management.Tests", "Unity.XR.Management.Tests.csproj", "{f6f620f8-309d-dca5-6e51-c2b1cf16729f}"
EndProject
Project("{FAE04EC0-301F-11D3-BF4B-00C04F79EFBC}") = "Unity.Sysroot.Linux_x86_64.EditorTests", "Unity.Sysroot.Linux_x86_64.EditorTests.csproj", "{ba4eeea8-995d-ca22-faa8-78db74aeb37d}"
EndProject
Project("{FAE04EC0-301F-11D3-BF4B-00C04F79EFBC}") = "Unity.Sysroot.EditorTests", "Unity.Sysroot.EditorTests.csproj", "{2f018302-825c-a3d9-2ec0-68f3a2b36e89}"
EndProject
Project("{FAE04EC0-301F-11D3-BF4B-00C04F79EFBC}") = "Unity.XR.Management.TestPackage", "Unity.XR.Management.TestPackage.csproj", "{cc5d55cd-36f3-845a-aedb-ec5838c41c9f}"
EndProject
Project("{FAE04EC0-301F-11D3-BF4B-00C04F79EFBC}") = "Unity.TextMeshPro.Tests", "Unity.TextMeshPro.Tests.csproj", "{e11be4f6-be35-93d3-9b57-e37049c3a19d}"
EndProject
Project("{FAE04EC0-301F-11D3-BF4B-00C04F79EFBC}") = "UnityEditor.UI.EditorTests", "UnityEditor.UI.EditorTests.csproj", "{ecc95851-3ad3-01d4-29f7-30ba2226ad48}"
EndProject
Project("{FAE04EC0-301F-11D3-BF4B-00C04F79EFBC}") = "meta.xr.mrutilitykit.tests", "meta.xr.mrutilitykit.tests.csproj", "{93e27c7b-2575-8bb3-50e2-5bf9c7a4fe96}"
EndProject
Project("{FAE04EC0-301F-11D3-BF4B-00C04F79EFBC}") = "UnityEngine.SpatialTracking.Tests", "UnityEngine.SpatialTracking.Tests.csproj", "{5853c488-4e7f-7ab3-e10d-3da542b7f6cd}"
EndProject
Global
	GlobalSection(SolutionConfigurationPlatforms) = preSolution
		Debug|Any CPU = Debug|Any CPU
	EndGlobalSection
	GlobalSection(ProjectConfigurationPlatforms) = postSolution
		{a14a500d-8081-93b8-7f11-766a7508ceed}.Debug|Any CPU.ActiveCfg = Debug|Any CPU
		{a14a500d-8081-93b8-7f11-766a7508ceed}.Debug|Any CPU.Build.0 = Debug|Any CPU
		{0983bd93-d3a6-4604-a834-6207fd85debe}.Debug|Any CPU.ActiveCfg = Debug|Any CPU
		{0983bd93-d3a6-4604-a834-6207fd85debe}.Debug|Any CPU.Build.0 = Debug|Any CPU
		{bf929ad9-f041-97d7-e4d7-de5bf42e81db}.Debug|Any CPU.ActiveCfg = Debug|Any CPU
		{bf929ad9-f041-97d7-e4d7-de5bf42e81db}.Debug|Any CPU.Build.0 = Debug|Any CPU
		{ae27d534-fbaf-7e1b-a493-4d95f78bb0a4}.Debug|Any CPU.ActiveCfg = Debug|Any CPU
		{ae27d534-fbaf-7e1b-a493-4d95f78bb0a4}.Debug|Any CPU.Build.0 = Debug|Any CPU
		{b3351138-ec5e-d84d-2670-5acaae82593c}.Debug|Any CPU.ActiveCfg = Debug|Any CPU
		{b3351138-ec5e-d84d-2670-5acaae82593c}.Debug|Any CPU.Build.0 = Debug|Any CPU
		{530f851c-8db2-db94-6ce1-5e0c76ba6df4}.Debug|Any CPU.ActiveCfg = Debug|Any CPU
		{530f851c-8db2-db94-6ce1-5e0c76ba6df4}.Debug|Any CPU.Build.0 = Debug|Any CPU
		{9218eac8-9afe-1a52-3679-e2e69f41d4ae}.Debug|Any CPU.ActiveCfg = Debug|Any CPU
		{9218eac8-9afe-1a52-3679-e2e69f41d4ae}.Debug|Any CPU.Build.0 = Debug|Any CPU
		{c74ee808-2ffd-4fe6-413b-c32a867a244d}.Debug|Any CPU.ActiveCfg = Debug|Any CPU
		{c74ee808-2ffd-4fe6-413b-c32a867a244d}.Debug|Any CPU.Build.0 = Debug|Any CPU
		{ab633552-acd2-1e4d-c92c-d60624584a2e}.Debug|Any CPU.ActiveCfg = Debug|Any CPU
		{ab633552-acd2-1e4d-c92c-d60624584a2e}.Debug|Any CPU.Build.0 = Debug|Any CPU
		{7e8e0d30-f128-0db0-d68d-aa685d5b362c}.Debug|Any CPU.ActiveCfg = Debug|Any CPU
		{7e8e0d30-f128-0db0-d68d-aa685d5b362c}.Debug|Any CPU.Build.0 = Debug|Any CPU
		{200aa341-80f3-6ba4-cd38-fe839fbcbc4c}.Debug|Any CPU.ActiveCfg = Debug|Any CPU
		{200aa341-80f3-6ba4-cd38-fe839fbcbc4c}.Debug|Any CPU.Build.0 = Debug|Any CPU
		{627468a1-cc6f-55ee-262f-8a40d290e974}.Debug|Any CPU.ActiveCfg = Debug|Any CPU
		{627468a1-cc6f-55ee-262f-8a40d290e974}.Debug|Any CPU.Build.0 = Debug|Any CPU
		{4c2c289a-6d97-7df1-d8ae-11179c2f23b8}.Debug|Any CPU.ActiveCfg = Debug|Any CPU
		{4c2c289a-6d97-7df1-d8ae-11179c2f23b8}.Debug|Any CPU.Build.0 = Debug|Any CPU
		{3e4e6b8e-f175-02e2-4c47-80a0ad059293}.Debug|Any CPU.ActiveCfg = Debug|Any CPU
		{3e4e6b8e-f175-02e2-4c47-80a0ad059293}.Debug|Any CPU.Build.0 = Debug|Any CPU
		{19905792-7b7b-bb04-f789-022783db4305}.Debug|Any CPU.ActiveCfg = Debug|Any CPU
		{19905792-7b7b-bb04-f789-022783db4305}.Debug|Any CPU.Build.0 = Debug|Any CPU
		{d113e288-8d67-b867-be69-cf7b20179744}.Debug|Any CPU.ActiveCfg = Debug|Any CPU
		{d113e288-8d67-b867-be69-cf7b20179744}.Debug|Any CPU.Build.0 = Debug|Any CPU
		{3fd896af-1263-114e-b3ff-e4d81aa3cded}.Debug|Any CPU.ActiveCfg = Debug|Any CPU
		{3fd896af-1263-114e-b3ff-e4d81aa3cded}.Debug|Any CPU.Build.0 = Debug|Any CPU
		{beeb5220-c6bb-1435-f638-f4802ed020fe}.Debug|Any CPU.ActiveCfg = Debug|Any CPU
		{beeb5220-c6bb-1435-f638-f4802ed020fe}.Debug|Any CPU.Build.0 = Debug|Any CPU
		{de0b6104-6510-d405-da06-585750d01e23}.Debug|Any CPU.ActiveCfg = Debug|Any CPU
		{de0b6104-6510-d405-da06-585750d01e23}.Debug|Any CPU.Build.0 = Debug|Any CPU
		{9aab5102-0d1d-3820-d193-05dbc0de61dc}.Debug|Any CPU.ActiveCfg = Debug|Any CPU
		{9aab5102-0d1d-3820-d193-05dbc0de61dc}.Debug|Any CPU.Build.0 = Debug|Any CPU
		{1f829b99-a624-ff62-e246-7d1a9ef9d1d6}.Debug|Any CPU.ActiveCfg = Debug|Any CPU
		{1f829b99-a624-ff62-e246-7d1a9ef9d1d6}.Debug|Any CPU.Build.0 = Debug|Any CPU
		{84d401f1-a9af-0266-8306-ce652164f26c}.Debug|Any CPU.ActiveCfg = Debug|Any CPU
		{84d401f1-a9af-0266-8306-ce652164f26c}.Debug|Any CPU.Build.0 = Debug|Any CPU
		{40425866-f05d-1829-cdeb-fcadc107ca12}.Debug|Any CPU.ActiveCfg = Debug|Any CPU
		{40425866-f05d-1829-cdeb-fcadc107ca12}.Debug|Any CPU.Build.0 = Debug|Any CPU
		{e2ce3dd0-7a33-6c9f-cf93-d324d93e613f}.Debug|Any CPU.ActiveCfg = Debug|Any CPU
		{e2ce3dd0-7a33-6c9f-cf93-d324d93e613f}.Debug|Any CPU.Build.0 = Debug|Any CPU
		{4b482508-7345-15e0-5d87-070cdff737a8}.Debug|Any CPU.ActiveCfg = Debug|Any CPU
		{4b482508-7345-15e0-5d87-070cdff737a8}.Debug|Any CPU.Build.0 = Debug|Any CPU
		{4e73b17b-2cdb-4b08-0935-6e2b29cc9370}.Debug|Any CPU.ActiveCfg = Debug|Any CPU
		{4e73b17b-2cdb-4b08-0935-6e2b29cc9370}.Debug|Any CPU.Build.0 = Debug|Any CPU
		{257351db-2c5f-54af-e53f-ff34ee9253b3}.Debug|Any CPU.ActiveCfg = Debug|Any CPU
		{257351db-2c5f-54af-e53f-ff34ee9253b3}.Debug|Any CPU.Build.0 = Debug|Any CPU
		{b0559534-761e-0bf3-a740-7e62013bfa52}.Debug|Any CPU.ActiveCfg = Debug|Any CPU
		{b0559534-761e-0bf3-a740-7e62013bfa52}.Debug|Any CPU.Build.0 = Debug|Any CPU
		{85e69aa5-f83e-41a2-5b03-3ba1b295391d}.Debug|Any CPU.ActiveCfg = Debug|Any CPU
		{85e69aa5-f83e-41a2-5b03-3ba1b295391d}.Debug|Any CPU.Build.0 = Debug|Any CPU
		{7a9a031e-c657-34b9-dea3-9c8c81a1e752}.Debug|Any CPU.ActiveCfg = Debug|Any CPU
		{7a9a031e-c657-34b9-dea3-9c8c81a1e752}.Debug|Any CPU.Build.0 = Debug|Any CPU
		{dbed03ec-8b70-5136-05df-641ce7b5ae24}.Debug|Any CPU.ActiveCfg = Debug|Any CPU
		{dbed03ec-8b70-5136-05df-641ce7b5ae24}.Debug|Any CPU.Build.0 = Debug|Any CPU
		{cfa527fa-0df6-036e-bcbb-5db3c834ca14}.Debug|Any CPU.ActiveCfg = Debug|Any CPU
		{cfa527fa-0df6-036e-bcbb-5db3c834ca14}.Debug|Any CPU.Build.0 = Debug|Any CPU
		{12da5da1-cecc-2150-7051-bb2897b2b377}.Debug|Any CPU.ActiveCfg = Debug|Any CPU
		{12da5da1-cecc-2150-7051-bb2897b2b377}.Debug|Any CPU.Build.0 = Debug|Any CPU
		{6ddafa8c-0f88-8597-0649-e9a47edafbda}.Debug|Any CPU.ActiveCfg = Debug|Any CPU
		{6ddafa8c-0f88-8597-0649-e9a47edafbda}.Debug|Any CPU.Build.0 = Debug|Any CPU
		{62016653-f245-e85d-f8df-595bf81b6d45}.Debug|Any CPU.ActiveCfg = Debug|Any CPU
		{62016653-f245-e85d-f8df-595bf81b6d45}.Debug|Any CPU.Build.0 = Debug|Any CPU
		{0a2b5bc2-bf41-8b91-590a-ac553744d606}.Debug|Any CPU.ActiveCfg = Debug|Any CPU
		{0a2b5bc2-bf41-8b91-590a-ac553744d606}.Debug|Any CPU.Build.0 = Debug|Any CPU
		{0e8a3538-a073-6a13-a64e-9dc207c09f9e}.Debug|Any CPU.ActiveCfg = Debug|Any CPU
		{0e8a3538-a073-6a13-a64e-9dc207c09f9e}.Debug|Any CPU.Build.0 = Debug|Any CPU
		{32d309b4-e904-5386-ac6d-2a931a472a4a}.Debug|Any CPU.ActiveCfg = Debug|Any CPU
		{32d309b4-e904-5386-ac6d-2a931a472a4a}.Debug|Any CPU.Build.0 = Debug|Any CPU
		{fb6f5a7a-54d6-3b92-caad-93ea6f48cc77}.Debug|Any CPU.ActiveCfg = Debug|Any CPU
		{fb6f5a7a-54d6-3b92-caad-93ea6f48cc77}.Debug|Any CPU.Build.0 = Debug|Any CPU
		{99a0c4ab-b68c-033e-55cb-21680cb664b1}.Debug|Any CPU.ActiveCfg = Debug|Any CPU
		{99a0c4ab-b68c-033e-55cb-21680cb664b1}.Debug|Any CPU.Build.0 = Debug|Any CPU
		{d520532a-0474-ac98-5d13-5c8977e992fd}.Debug|Any CPU.ActiveCfg = Debug|Any CPU
		{d520532a-0474-ac98-5d13-5c8977e992fd}.Debug|Any CPU.Build.0 = Debug|Any CPU
		{d90d7ed5-3d8c-4e9f-d9f2-e26c1203d23f}.Debug|Any CPU.ActiveCfg = Debug|Any CPU
		{d90d7ed5-3d8c-4e9f-d9f2-e26c1203d23f}.Debug|Any CPU.Build.0 = Debug|Any CPU
		{f1d99d1d-c4e6-4bb6-57b4-0c007b4c5fd0}.Debug|Any CPU.ActiveCfg = Debug|Any CPU
		{f1d99d1d-c4e6-4bb6-57b4-0c007b4c5fd0}.Debug|Any CPU.Build.0 = Debug|Any CPU
		{9e28e72d-9858-a15e-ecce-cbf5facdb21d}.Debug|Any CPU.ActiveCfg = Debug|Any CPU
		{9e28e72d-9858-a15e-ecce-cbf5facdb21d}.Debug|Any CPU.Build.0 = Debug|Any CPU
		{4981db51-f61c-82dd-4fd5-909a6680118a}.Debug|Any CPU.ActiveCfg = Debug|Any CPU
		{4981db51-f61c-82dd-4fd5-909a6680118a}.Debug|Any CPU.Build.0 = Debug|Any CPU
		{cd100174-ad46-407f-5094-69195ff13fc7}.Debug|Any CPU.ActiveCfg = Debug|Any CPU
		{cd100174-ad46-407f-5094-69195ff13fc7}.Debug|Any CPU.Build.0 = Debug|Any CPU
		{67d09daf-ec55-6c19-fbda-7e0b596ed928}.Debug|Any CPU.ActiveCfg = Debug|Any CPU
		{67d09daf-ec55-6c19-fbda-7e0b596ed928}.Debug|Any CPU.Build.0 = Debug|Any CPU
		{2ba16813-816a-8b21-3f9b-ecad8d6f35d8}.Debug|Any CPU.ActiveCfg = Debug|Any CPU
		{2ba16813-816a-8b21-3f9b-ecad8d6f35d8}.Debug|Any CPU.Build.0 = Debug|Any CPU
		{12e946a7-d3fa-2a22-0bae-64fbf9a73eb0}.Debug|Any CPU.ActiveCfg = Debug|Any CPU
		{12e946a7-d3fa-2a22-0bae-64fbf9a73eb0}.Debug|Any CPU.Build.0 = Debug|Any CPU
		{945c95f7-7cf5-ad2d-3132-373ba33bddb0}.Debug|Any CPU.ActiveCfg = Debug|Any CPU
		{945c95f7-7cf5-ad2d-3132-373ba33bddb0}.Debug|Any CPU.Build.0 = Debug|Any CPU
		{5a23a6f8-e811-c7c8-9ffa-c269d31b88f0}.Debug|Any CPU.ActiveCfg = Debug|Any CPU
		{5a23a6f8-e811-c7c8-9ffa-c269d31b88f0}.Debug|Any CPU.Build.0 = Debug|Any CPU
		{3eae00a6-ddb6-76b2-f133-0ead7f28b79f}.Debug|Any CPU.ActiveCfg = Debug|Any CPU
		{3eae00a6-ddb6-76b2-f133-0ead7f28b79f}.Debug|Any CPU.Build.0 = Debug|Any CPU
		{08b68256-03ee-d21a-a0df-e58fcdacedec}.Debug|Any CPU.ActiveCfg = Debug|Any CPU
		{08b68256-03ee-d21a-a0df-e58fcdacedec}.Debug|Any CPU.Build.0 = Debug|Any CPU
		{49090483-26b3-0f33-d280-9114843d1609}.Debug|Any CPU.ActiveCfg = Debug|Any CPU
		{49090483-26b3-0f33-d280-9114843d1609}.Debug|Any CPU.Build.0 = Debug|Any CPU
		{85e764c7-6e39-92ed-a172-c4cfeda8a0c5}.Debug|Any CPU.ActiveCfg = Debug|Any CPU
		{85e764c7-6e39-92ed-a172-c4cfeda8a0c5}.Debug|Any CPU.Build.0 = Debug|Any CPU
		{53738fb3-b056-2acc-8be4-7f4f439538bd}.Debug|Any CPU.ActiveCfg = Debug|Any CPU
		{53738fb3-b056-2acc-8be4-7f4f439538bd}.Debug|Any CPU.Build.0 = Debug|Any CPU
		{3f96ebeb-533d-d2fa-f29b-5e7cd8f20c45}.Debug|Any CPU.ActiveCfg = Debug|Any CPU
		{3f96ebeb-533d-d2fa-f29b-5e7cd8f20c45}.Debug|Any CPU.Build.0 = Debug|Any CPU
		{27624517-da76-3817-f32e-2c3e111ffbff}.Debug|Any CPU.ActiveCfg = Debug|Any CPU
		{27624517-da76-3817-f32e-2c3e111ffbff}.Debug|Any CPU.Build.0 = Debug|Any CPU
		{b90075ff-1f46-5d0e-3e0f-8fc899b45c22}.Debug|Any CPU.ActiveCfg = Debug|Any CPU
		{b90075ff-1f46-5d0e-3e0f-8fc899b45c22}.Debug|Any CPU.Build.0 = Debug|Any CPU
		{8d1930ad-7f40-2db6-4fb6-54563bba1591}.Debug|Any CPU.ActiveCfg = Debug|Any CPU
		{8d1930ad-7f40-2db6-4fb6-54563bba1591}.Debug|Any CPU.Build.0 = Debug|Any CPU
		{cc419b29-0390-40f5-51b5-2df3f037f0e1}.Debug|Any CPU.ActiveCfg = Debug|Any CPU
		{cc419b29-0390-40f5-51b5-2df3f037f0e1}.Debug|Any CPU.Build.0 = Debug|Any CPU
		{2743c498-e8c2-4210-3781-117bd2ae0de1}.Debug|Any CPU.ActiveCfg = Debug|Any CPU
		{2743c498-e8c2-4210-3781-117bd2ae0de1}.Debug|Any CPU.Build.0 = Debug|Any CPU
		{1cd069a1-695e-4d1a-d21f-1494405baf70}.Debug|Any CPU.ActiveCfg = Debug|Any CPU
		{1cd069a1-695e-4d1a-d21f-1494405baf70}.Debug|Any CPU.Build.0 = Debug|Any CPU
		{586581de-ad2a-152b-67d1-1bc5289ac999}.Debug|Any CPU.ActiveCfg = Debug|Any CPU
		{586581de-ad2a-152b-67d1-1bc5289ac999}.Debug|Any CPU.Build.0 = Debug|Any CPU
		{4b44c002-f7be-a125-cf42-03af3da94fc9}.Debug|Any CPU.ActiveCfg = Debug|Any CPU
		{4b44c002-f7be-a125-cf42-03af3da94fc9}.Debug|Any CPU.Build.0 = Debug|Any CPU
		{71842c3f-786d-069a-cecd-d23dc2df0bdd}.Debug|Any CPU.ActiveCfg = Debug|Any CPU
		{71842c3f-786d-069a-cecd-d23dc2df0bdd}.Debug|Any CPU.Build.0 = Debug|Any CPU
		{d0518973-5724-1f97-af75-f872e67751c2}.Debug|Any CPU.ActiveCfg = Debug|Any CPU
		{d0518973-5724-1f97-af75-f872e67751c2}.Debug|Any CPU.Build.0 = Debug|Any CPU
		{8896bcdf-b757-5b07-a7c0-47e37d18625a}.Debug|Any CPU.ActiveCfg = Debug|Any CPU
		{8896bcdf-b757-5b07-a7c0-47e37d18625a}.Debug|Any CPU.Build.0 = Debug|Any CPU
		{9c0388ea-68b2-cfc3-006b-3d9d04ab35c2}.Debug|Any CPU.ActiveCfg = Debug|Any CPU
		{9c0388ea-68b2-cfc3-006b-3d9d04ab35c2}.Debug|Any CPU.Build.0 = Debug|Any CPU
		{09a6c688-6287-1f6f-d023-dba1e31933a1}.Debug|Any CPU.ActiveCfg = Debug|Any CPU
		{09a6c688-6287-1f6f-d023-dba1e31933a1}.Debug|Any CPU.Build.0 = Debug|Any CPU
		{d98e7305-4310-5aeb-4975-55d59674bb3b}.Debug|Any CPU.ActiveCfg = Debug|Any CPU
		{d98e7305-4310-5aeb-4975-55d59674bb3b}.Debug|Any CPU.Build.0 = Debug|Any CPU
		{e967724a-8865-a898-bf42-3020267973e3}.Debug|Any CPU.ActiveCfg = Debug|Any CPU
		{e967724a-8865-a898-bf42-3020267973e3}.Debug|Any CPU.Build.0 = Debug|Any CPU
		{bde4cbdf-2f18-31b7-03c2-745cc4e19429}.Debug|Any CPU.ActiveCfg = Debug|Any CPU
		{bde4cbdf-2f18-31b7-03c2-745cc4e19429}.Debug|Any CPU.Build.0 = Debug|Any CPU
		{313dc293-ba86-aa80-7eb6-f21888af446e}.Debug|Any CPU.ActiveCfg = Debug|Any CPU
		{313dc293-ba86-aa80-7eb6-f21888af446e}.Debug|Any CPU.Build.0 = Debug|Any CPU
		{f92e5b53-5e8f-4ef9-a7f0-75e3b8421634}.Debug|Any CPU.ActiveCfg = Debug|Any CPU
		{f92e5b53-5e8f-4ef9-a7f0-75e3b8421634}.Debug|Any CPU.Build.0 = Debug|Any CPU
		{78c53417-7ad9-d374-e674-7a1853062a4b}.Debug|Any CPU.ActiveCfg = Debug|Any CPU
		{78c53417-7ad9-d374-e674-7a1853062a4b}.Debug|Any CPU.Build.0 = Debug|Any CPU
		{8c820358-aa7b-1958-ce7d-683f48160755}.Debug|Any CPU.ActiveCfg = Debug|Any CPU
		{8c820358-aa7b-1958-ce7d-683f48160755}.Debug|Any CPU.Build.0 = Debug|Any CPU
		{090e9ce7-b915-5016-e36f-2657f8118b24}.Debug|Any CPU.ActiveCfg = Debug|Any CPU
		{090e9ce7-b915-5016-e36f-2657f8118b24}.Debug|Any CPU.Build.0 = Debug|Any CPU
		{eaeb622a-d758-a068-ce60-46877a873bb7}.Debug|Any CPU.ActiveCfg = Debug|Any CPU
		{eaeb622a-d758-a068-ce60-46877a873bb7}.Debug|Any CPU.Build.0 = Debug|Any CPU
		{f0f5b7ab-0229-6f36-40f2-8c796a0bf919}.Debug|Any CPU.ActiveCfg = Debug|Any CPU
		{f0f5b7ab-0229-6f36-40f2-8c796a0bf919}.Debug|Any CPU.Build.0 = Debug|Any CPU
		{be510d75-76fe-be94-7256-9167297db96f}.Debug|Any CPU.ActiveCfg = Debug|Any CPU
		{be510d75-76fe-be94-7256-9167297db96f}.Debug|Any CPU.Build.0 = Debug|Any CPU
		{b5118ad4-a747-c40f-e77c-39ef9a60d275}.Debug|Any CPU.ActiveCfg = Debug|Any CPU
		{b5118ad4-a747-c40f-e77c-39ef9a60d275}.Debug|Any CPU.Build.0 = Debug|Any CPU
		{90da3c30-b953-83ca-b999-abbb2cd07bd7}.Debug|Any CPU.ActiveCfg = Debug|Any CPU
		{90da3c30-b953-83ca-b999-abbb2cd07bd7}.Debug|Any CPU.Build.0 = Debug|Any CPU
		{ff107140-bc97-6a98-ddb7-79989e4bf5c0}.Debug|Any CPU.ActiveCfg = Debug|Any CPU
		{ff107140-bc97-6a98-ddb7-79989e4bf5c0}.Debug|Any CPU.Build.0 = Debug|Any CPU
		{cd2190df-3217-424f-a2f0-463775469bb6}.Debug|Any CPU.ActiveCfg = Debug|Any CPU
		{cd2190df-3217-424f-a2f0-463775469bb6}.Debug|Any CPU.Build.0 = Debug|Any CPU
		{979dec2a-1723-1e22-669d-1cbb6cabc132}.Debug|Any CPU.ActiveCfg = Debug|Any CPU
		{979dec2a-1723-1e22-669d-1cbb6cabc132}.Debug|Any CPU.Build.0 = Debug|Any CPU
		{d2d2c942-9161-cc62-9f64-312ebd2d80fd}.Debug|Any CPU.ActiveCfg = Debug|Any CPU
		{d2d2c942-9161-cc62-9f64-312ebd2d80fd}.Debug|Any CPU.Build.0 = Debug|Any CPU
		{e551297a-a3e6-6261-2c01-d048b615cf81}.Debug|Any CPU.ActiveCfg = Debug|Any CPU
		{e551297a-a3e6-6261-2c01-d048b615cf81}.Debug|Any CPU.Build.0 = Debug|Any CPU
		{84f11a0a-9ad3-6bc6-ab0d-92d87016e270}.Debug|Any CPU.ActiveCfg = Debug|Any CPU
		{84f11a0a-9ad3-6bc6-ab0d-92d87016e270}.Debug|Any CPU.Build.0 = Debug|Any CPU
		{fb42f322-9784-d3de-f47e-0b0d0004cf9d}.Debug|Any CPU.ActiveCfg = Debug|Any CPU
		{fb42f322-9784-d3de-f47e-0b0d0004cf9d}.Debug|Any CPU.Build.0 = Debug|Any CPU
		{ade64553-e602-a204-19d7-a86125e53718}.Debug|Any CPU.ActiveCfg = Debug|Any CPU
		{ade64553-e602-a204-19d7-a86125e53718}.Debug|Any CPU.Build.0 = Debug|Any CPU
		{25a7e83b-dbfb-cc8c-e722-2b4cfe80bcf4}.Debug|Any CPU.ActiveCfg = Debug|Any CPU
		{25a7e83b-dbfb-cc8c-e722-2b4cfe80bcf4}.Debug|Any CPU.Build.0 = Debug|Any CPU
		{7023fb31-867e-e5cd-b309-777189bc545d}.Debug|Any CPU.ActiveCfg = Debug|Any CPU
		{7023fb31-867e-e5cd-b309-777189bc545d}.Debug|Any CPU.Build.0 = Debug|Any CPU
		{5e8dffdf-4a41-0e47-42cb-e14c6af387ef}.Debug|Any CPU.ActiveCfg = Debug|Any CPU
		{5e8dffdf-4a41-0e47-42cb-e14c6af387ef}.Debug|Any CPU.Build.0 = Debug|Any CPU
		{813dcd1c-b24a-f42a-3e3c-412a32b9e995}.Debug|Any CPU.ActiveCfg = Debug|Any CPU
		{813dcd1c-b24a-f42a-3e3c-412a32b9e995}.Debug|Any CPU.Build.0 = Debug|Any CPU
		{7f1ebe33-e414-150e-5c43-c5f7cabd198e}.Debug|Any CPU.ActiveCfg = Debug|Any CPU
		{7f1ebe33-e414-150e-5c43-c5f7cabd198e}.Debug|Any CPU.Build.0 = Debug|Any CPU
		{4fd2064c-76fb-d89c-4635-0176215980ea}.Debug|Any CPU.ActiveCfg = Debug|Any CPU
		{4fd2064c-76fb-d89c-4635-0176215980ea}.Debug|Any CPU.Build.0 = Debug|Any CPU
		{ba18416a-ea2d-ac6e-aed9-4e413ac7f2d0}.Debug|Any CPU.ActiveCfg = Debug|Any CPU
		{ba18416a-ea2d-ac6e-aed9-4e413ac7f2d0}.Debug|Any CPU.Build.0 = Debug|Any CPU
		{512fae23-fe47-c501-13d8-8d75c451e271}.Debug|Any CPU.ActiveCfg = Debug|Any CPU
		{512fae23-fe47-c501-13d8-8d75c451e271}.Debug|Any CPU.Build.0 = Debug|Any CPU
		{b73c3978-e1a2-550a-5f80-a644315193a9}.Debug|Any CPU.ActiveCfg = Debug|Any CPU
		{b73c3978-e1a2-550a-5f80-a644315193a9}.Debug|Any CPU.Build.0 = Debug|Any CPU
		{e1f5cc88-56ed-1444-8fe4-7b6519278612}.Debug|Any CPU.ActiveCfg = Debug|Any CPU
		{e1f5cc88-56ed-1444-8fe4-7b6519278612}.Debug|Any CPU.Build.0 = Debug|Any CPU
		{c082d5d4-2af1-3156-6dcb-20b71851e33a}.Debug|Any CPU.ActiveCfg = Debug|Any CPU
		{c082d5d4-2af1-3156-6dcb-20b71851e33a}.Debug|Any CPU.Build.0 = Debug|Any CPU
		{edd54a63-50b0-3b06-1043-74b418d1490a}.Debug|Any CPU.ActiveCfg = Debug|Any CPU
		{edd54a63-50b0-3b06-1043-74b418d1490a}.Debug|Any CPU.Build.0 = Debug|Any CPU
		{d8982017-c443-e371-c484-81a8cff2ed0b}.Debug|Any CPU.ActiveCfg = Debug|Any CPU
		{d8982017-c443-e371-c484-81a8cff2ed0b}.Debug|Any CPU.Build.0 = Debug|Any CPU
		{f0eee9ee-18db-198f-fecc-d7735a79444a}.Debug|Any CPU.ActiveCfg = Debug|Any CPU
		{f0eee9ee-18db-198f-fecc-d7735a79444a}.Debug|Any CPU.Build.0 = Debug|Any CPU
		{c5a5621d-1fb0-214a-e7b7-26cdf86644c0}.Debug|Any CPU.ActiveCfg = Debug|Any CPU
		{c5a5621d-1fb0-214a-e7b7-26cdf86644c0}.Debug|Any CPU.Build.0 = Debug|Any CPU
		{ade0fc10-0fa8-5a5c-3577-687154148a8d}.Debug|Any CPU.ActiveCfg = Debug|Any CPU
		{ade0fc10-0fa8-5a5c-3577-687154148a8d}.Debug|Any CPU.Build.0 = Debug|Any CPU
		{cdc1e206-50e0-16f1-346e-4b29b5df26c9}.Debug|Any CPU.ActiveCfg = Debug|Any CPU
		{cdc1e206-50e0-16f1-346e-4b29b5df26c9}.Debug|Any CPU.Build.0 = Debug|Any CPU
		{7f78136f-6ec2-9a84-6669-52e99e17a4f4}.Debug|Any CPU.ActiveCfg = Debug|Any CPU
		{7f78136f-6ec2-9a84-6669-52e99e17a4f4}.Debug|Any CPU.Build.0 = Debug|Any CPU
		{bfd01fff-4fa7-cf0b-33d5-2fb621922678}.Debug|Any CPU.ActiveCfg = Debug|Any CPU
		{bfd01fff-4fa7-cf0b-33d5-2fb621922678}.Debug|Any CPU.Build.0 = Debug|Any CPU
		{67e8bfa2-160e-0ef8-8909-37bb1aa26900}.Debug|Any CPU.ActiveCfg = Debug|Any CPU
		{67e8bfa2-160e-0ef8-8909-37bb1aa26900}.Debug|Any CPU.Build.0 = Debug|Any CPU
		{a7a6d8cb-8104-5076-c2f5-84a381092840}.Debug|Any CPU.ActiveCfg = Debug|Any CPU
		{a7a6d8cb-8104-5076-c2f5-84a381092840}.Debug|Any CPU.Build.0 = Debug|Any CPU
		{146a27de-e8e1-8229-62aa-996ad7d35893}.Debug|Any CPU.ActiveCfg = Debug|Any CPU
		{146a27de-e8e1-8229-62aa-996ad7d35893}.Debug|Any CPU.Build.0 = Debug|Any CPU
		{cd1345d3-9360-ba37-67b8-d172ae92cdb9}.Debug|Any CPU.ActiveCfg = Debug|Any CPU
		{cd1345d3-9360-ba37-67b8-d172ae92cdb9}.Debug|Any CPU.Build.0 = Debug|Any CPU
		{717f7134-489d-c89a-112f-38883fc095e3}.Debug|Any CPU.ActiveCfg = Debug|Any CPU
		{717f7134-489d-c89a-112f-38883fc095e3}.Debug|Any CPU.Build.0 = Debug|Any CPU
		{776e440c-d388-18ea-c43b-c73385bff4f8}.Debug|Any CPU.ActiveCfg = Debug|Any CPU
		{776e440c-d388-18ea-c43b-c73385bff4f8}.Debug|Any CPU.Build.0 = Debug|Any CPU
		{5df96882-7cef-f24b-20d8-b12cece3f296}.Debug|Any CPU.ActiveCfg = Debug|Any CPU
		{5df96882-7cef-f24b-20d8-b12cece3f296}.Debug|Any CPU.Build.0 = Debug|Any CPU
		{a9a1fc4e-aaf1-9fda-bc37-52408286bc46}.Debug|Any CPU.ActiveCfg = Debug|Any CPU
		{a9a1fc4e-aaf1-9fda-bc37-52408286bc46}.Debug|Any CPU.Build.0 = Debug|Any CPU
		{592efced-7c89-4fcc-2cdf-c15a4168522e}.Debug|Any CPU.ActiveCfg = Debug|Any CPU
		{592efced-7c89-4fcc-2cdf-c15a4168522e}.Debug|Any CPU.Build.0 = Debug|Any CPU
		{98773423-25d3-cfc4-c8fd-b81c2441daca}.Debug|Any CPU.ActiveCfg = Debug|Any CPU
		{98773423-25d3-cfc4-c8fd-b81c2441daca}.Debug|Any CPU.Build.0 = Debug|Any CPU
		{a27d74e3-2641-9e1f-07ed-2e5f6247611f}.Debug|Any CPU.ActiveCfg = Debug|Any CPU
		{a27d74e3-2641-9e1f-07ed-2e5f6247611f}.Debug|Any CPU.Build.0 = Debug|Any CPU
		{7aa46e45-3ce8-1438-57d5-f3be89dfb2ca}.Debug|Any CPU.ActiveCfg = Debug|Any CPU
		{7aa46e45-3ce8-1438-57d5-f3be89dfb2ca}.Debug|Any CPU.Build.0 = Debug|Any CPU
		{a8c8e62d-ba43-1b59-daf4-721a8f2e50a9}.Debug|Any CPU.ActiveCfg = Debug|Any CPU
		{a8c8e62d-ba43-1b59-daf4-721a8f2e50a9}.Debug|Any CPU.Build.0 = Debug|Any CPU
		{eada490a-d084-480a-b924-776271e95e33}.Debug|Any CPU.ActiveCfg = Debug|Any CPU
		{eada490a-d084-480a-b924-776271e95e33}.Debug|Any CPU.Build.0 = Debug|Any CPU
		{49afb0f4-7191-2e76-d5a9-e10b6c5eb45e}.Debug|Any CPU.ActiveCfg = Debug|Any CPU
		{49afb0f4-7191-2e76-d5a9-e10b6c5eb45e}.Debug|Any CPU.Build.0 = Debug|Any CPU
		{c474ed53-1e31-4c87-4569-46c535103e76}.Debug|Any CPU.ActiveCfg = Debug|Any CPU
		{c474ed53-1e31-4c87-4569-46c535103e76}.Debug|Any CPU.Build.0 = Debug|Any CPU
		{2f876704-ed50-0411-bf0f-89e77f5df059}.Debug|Any CPU.ActiveCfg = Debug|Any CPU
		{2f876704-ed50-0411-bf0f-89e77f5df059}.Debug|Any CPU.Build.0 = Debug|Any CPU
		{0781d866-6c94-3b9b-ee5e-a09e831ec049}.Debug|Any CPU.ActiveCfg = Debug|Any CPU
		{0781d866-6c94-3b9b-ee5e-a09e831ec049}.Debug|Any CPU.Build.0 = Debug|Any CPU
		{12729064-0444-0e74-1aef-a440c862573f}.Debug|Any CPU.ActiveCfg = Debug|Any CPU
		{12729064-0444-0e74-1aef-a440c862573f}.Debug|Any CPU.Build.0 = Debug|Any CPU
		{07ac97e7-13dc-98e1-3948-ca89edb37958}.Debug|Any CPU.ActiveCfg = Debug|Any CPU
		{07ac97e7-13dc-98e1-3948-ca89edb37958}.Debug|Any CPU.Build.0 = Debug|Any CPU
		{74cb0c4f-8d43-429d-d951-085d58ff8811}.Debug|Any CPU.ActiveCfg = Debug|Any CPU
		{74cb0c4f-8d43-429d-d951-085d58ff8811}.Debug|Any CPU.Build.0 = Debug|Any CPU
		{621d49e2-f53d-ac83-ebd7-0a11ac1cb55a}.Debug|Any CPU.ActiveCfg = Debug|Any CPU
		{621d49e2-f53d-ac83-ebd7-0a11ac1cb55a}.Debug|Any CPU.Build.0 = Debug|Any CPU
		{0c4652e8-3b13-c4a5-ad8b-b2f29a9190c5}.Debug|Any CPU.ActiveCfg = Debug|Any CPU
		{0c4652e8-3b13-c4a5-ad8b-b2f29a9190c5}.Debug|Any CPU.Build.0 = Debug|Any CPU
		{66abfe8e-b72c-5134-01cc-600ca100630a}.Debug|Any CPU.ActiveCfg = Debug|Any CPU
		{66abfe8e-b72c-5134-01cc-600ca100630a}.Debug|Any CPU.Build.0 = Debug|Any CPU
		{37400d7e-c303-197e-efde-c22c198e0ac0}.Debug|Any CPU.ActiveCfg = Debug|Any CPU
		{37400d7e-c303-197e-efde-c22c198e0ac0}.Debug|Any CPU.Build.0 = Debug|Any CPU
		{ffc7286c-9383-7e90-12e0-cb55e22ee5cb}.Debug|Any CPU.ActiveCfg = Debug|Any CPU
		{ffc7286c-9383-7e90-12e0-cb55e22ee5cb}.Debug|Any CPU.Build.0 = Debug|Any CPU
		{3ab5271d-6ecf-7f2d-a4a8-6a4829c0f8b1}.Debug|Any CPU.ActiveCfg = Debug|Any CPU
		{3ab5271d-6ecf-7f2d-a4a8-6a4829c0f8b1}.Debug|Any CPU.Build.0 = Debug|Any CPU
		{cb599dc5-3d47-7ce1-4669-ee7bc3058a14}.Debug|Any CPU.ActiveCfg = Debug|Any CPU
		{cb599dc5-3d47-7ce1-4669-ee7bc3058a14}.Debug|Any CPU.Build.0 = Debug|Any CPU
		{872b4c17-a885-50fa-e8f5-dc02c266dfa2}.Debug|Any CPU.ActiveCfg = Debug|Any CPU
		{872b4c17-a885-50fa-e8f5-dc02c266dfa2}.Debug|Any CPU.Build.0 = Debug|Any CPU
		{bd6e1955-9ce8-92ed-253b-8f7e2037bd92}.Debug|Any CPU.ActiveCfg = Debug|Any CPU
		{bd6e1955-9ce8-92ed-253b-8f7e2037bd92}.Debug|Any CPU.Build.0 = Debug|Any CPU
		{3b0b0d2b-eebf-248f-0031-5e1f983ec3b4}.Debug|Any CPU.ActiveCfg = Debug|Any CPU
		{3b0b0d2b-eebf-248f-0031-5e1f983ec3b4}.Debug|Any CPU.Build.0 = Debug|Any CPU
		{1f074ee4-a0bf-5239-cd7a-c03e47dcd38d}.Debug|Any CPU.ActiveCfg = Debug|Any CPU
		{1f074ee4-a0bf-5239-cd7a-c03e47dcd38d}.Debug|Any CPU.Build.0 = Debug|Any CPU
		{946a54f6-79df-c801-3928-a2d4464d250c}.Debug|Any CPU.ActiveCfg = Debug|Any CPU
		{946a54f6-79df-c801-3928-a2d4464d250c}.Debug|Any CPU.Build.0 = Debug|Any CPU
		{f61af319-2cc6-abd4-fd4c-1724a623588d}.Debug|Any CPU.ActiveCfg = Debug|Any CPU
		{f61af319-2cc6-abd4-fd4c-1724a623588d}.Debug|Any CPU.Build.0 = Debug|Any CPU
		{21079ab6-e49d-47b1-ba8a-eb80680af3a5}.Debug|Any CPU.ActiveCfg = Debug|Any CPU
		{21079ab6-e49d-47b1-ba8a-eb80680af3a5}.Debug|Any CPU.Build.0 = Debug|Any CPU
		{52bf82ca-f699-ec1c-ddcc-762aff630660}.Debug|Any CPU.ActiveCfg = Debug|Any CPU
		{52bf82ca-f699-ec1c-ddcc-762aff630660}.Debug|Any CPU.Build.0 = Debug|Any CPU
		{6e2f4eca-0415-4d77-d6c3-0c66533bc25e}.Debug|Any CPU.ActiveCfg = Debug|Any CPU
		{6e2f4eca-0415-4d77-d6c3-0c66533bc25e}.Debug|Any CPU.Build.0 = Debug|Any CPU
		{35bd410a-051f-df0f-a9ee-b9f30440b6fd}.Debug|Any CPU.ActiveCfg = Debug|Any CPU
		{35bd410a-051f-df0f-a9ee-b9f30440b6fd}.Debug|Any CPU.Build.0 = Debug|Any CPU
		{c6ea1a64-5375-b39b-7ffd-a16fc118ee86}.Debug|Any CPU.ActiveCfg = Debug|Any CPU
		{c6ea1a64-5375-b39b-7ffd-a16fc118ee86}.Debug|Any CPU.Build.0 = Debug|Any CPU
		{048b574d-91b7-4f4e-b589-758fa448f341}.Debug|Any CPU.ActiveCfg = Debug|Any CPU
		{048b574d-91b7-4f4e-b589-758fa448f341}.Debug|Any CPU.Build.0 = Debug|Any CPU
		{f7f0847c-4537-e806-0081-1ad1a6d7571f}.Debug|Any CPU.ActiveCfg = Debug|Any CPU
		{f7f0847c-4537-e806-0081-1ad1a6d7571f}.Debug|Any CPU.Build.0 = Debug|Any CPU
		{ec7f415a-ba85-6e95-866c-6bbd5690bcc2}.Debug|Any CPU.ActiveCfg = Debug|Any CPU
		{ec7f415a-ba85-6e95-866c-6bbd5690bcc2}.Debug|Any CPU.Build.0 = Debug|Any CPU
		{72810c42-1609-7a1e-6404-28cd3234ecea}.Debug|Any CPU.ActiveCfg = Debug|Any CPU
		{72810c42-1609-7a1e-6404-28cd3234ecea}.Debug|Any CPU.Build.0 = Debug|Any CPU
		{a48c2188-80b6-017f-0ca3-343d423f66bb}.Debug|Any CPU.ActiveCfg = Debug|Any CPU
		{a48c2188-80b6-017f-0ca3-343d423f66bb}.Debug|Any CPU.Build.0 = Debug|Any CPU
		{09dca938-357d-b73a-efbe-6d4b7092ee76}.Debug|Any CPU.ActiveCfg = Debug|Any CPU
		{09dca938-357d-b73a-efbe-6d4b7092ee76}.Debug|Any CPU.Build.0 = Debug|Any CPU
		{c7339b65-cd76-549b-c17a-e366db222718}.Debug|Any CPU.ActiveCfg = Debug|Any CPU
		{c7339b65-cd76-549b-c17a-e366db222718}.Debug|Any CPU.Build.0 = Debug|Any CPU
		{5d7f4536-1be6-0f6c-b455-94b354de5470}.Debug|Any CPU.ActiveCfg = Debug|Any CPU
		{5d7f4536-1be6-0f6c-b455-94b354de5470}.Debug|Any CPU.Build.0 = Debug|Any CPU
		{f6f620f8-309d-dca5-6e51-c2b1cf16729f}.Debug|Any CPU.ActiveCfg = Debug|Any CPU
		{f6f620f8-309d-dca5-6e51-c2b1cf16729f}.Debug|Any CPU.Build.0 = Debug|Any CPU
		{ba4eeea8-995d-ca22-faa8-78db74aeb37d}.Debug|Any CPU.ActiveCfg = Debug|Any CPU
		{ba4eeea8-995d-ca22-faa8-78db74aeb37d}.Debug|Any CPU.Build.0 = Debug|Any CPU
		{2f018302-825c-a3d9-2ec0-68f3a2b36e89}.Debug|Any CPU.ActiveCfg = Debug|Any CPU
		{2f018302-825c-a3d9-2ec0-68f3a2b36e89}.Debug|Any CPU.Build.0 = Debug|Any CPU
		{cc5d55cd-36f3-845a-aedb-ec5838c41c9f}.Debug|Any CPU.ActiveCfg = Debug|Any CPU
		{cc5d55cd-36f3-845a-aedb-ec5838c41c9f}.Debug|Any CPU.Build.0 = Debug|Any CPU
		{e11be4f6-be35-93d3-9b57-e37049c3a19d}.Debug|Any CPU.ActiveCfg = Debug|Any CPU
		{e11be4f6-be35-93d3-9b57-e37049c3a19d}.Debug|Any CPU.Build.0 = Debug|Any CPU
		{ecc95851-3ad3-01d4-29f7-30ba2226ad48}.Debug|Any CPU.ActiveCfg = Debug|Any CPU
		{ecc95851-3ad3-01d4-29f7-30ba2226ad48}.Debug|Any CPU.Build.0 = Debug|Any CPU
		{93e27c7b-2575-8bb3-50e2-5bf9c7a4fe96}.Debug|Any CPU.ActiveCfg = Debug|Any CPU
		{93e27c7b-2575-8bb3-50e2-5bf9c7a4fe96}.Debug|Any CPU.Build.0 = Debug|Any CPU
		{5853c488-4e7f-7ab3-e10d-3da542b7f6cd}.Debug|Any CPU.ActiveCfg = Debug|Any CPU
		{5853c488-4e7f-7ab3-e10d-3da542b7f6cd}.Debug|Any CPU.Build.0 = Debug|Any CPU
	EndGlobalSection
	GlobalSection(SolutionProperties) = preSolution
		HideSolutionNode = FALSE
	EndGlobalSection
EndGlobal
