
Microsoft Visual Studio Solution File, Format Version 11.00
# Visual Studio 2010
Project("{FAE04EC0-301F-11D3-BF4B-00C04F79EFBC}") = "Unity.Timeline", "Unity.Timeline.csproj", "{a14a500d-8081-93b8-7f11-766a7508ceed}"
EndProject
Project("{FAE04EC0-301F-11D3-BF4B-00C04F79EFBC}") = "Unity.Timeline.Editor", "Unity.Timeline.Editor.csproj", "{bf929ad9-f041-97d7-e4d7-de5bf42e81db}"
EndProject
Project("{FAE04EC0-301F-11D3-BF4B-00C04F79EFBC}") = "Unity.TextMeshPro.Editor", "Unity.TextMeshPro.Editor.csproj", "{ae27d534-fbaf-7e1b-a493-4d95f78bb0a4}"
EndProject
Project("{FAE04EC0-301F-11D3-BF4B-00C04F79EFBC}") = "Unity.VisualScripting.Flow", "Unity.VisualScripting.Flow.csproj", "{7e8e0d30-f128-0db0-d68d-aa685d5b362c}"
EndProject
Project("{FAE04EC0-301F-11D3-BF4B-00C04F79EFBC}") = "UnityEditor.UI", "UnityEditor.UI.csproj", "{200aa341-80f3-6ba4-cd38-fe839fbcbc4c}"
EndProject
Project("{FAE04EC0-301F-11D3-BF4B-00C04F79EFBC}") = "Unity.PlasticSCM.Editor", "Unity.PlasticSCM.Editor.csproj", "{4c2c289a-6d97-7df1-d8ae-11179c2f23b8}"
EndProject
Project("{FAE04EC0-301F-11D3-BF4B-00C04F79EFBC}") = "Unity.VisualScripting.Core", "Unity.VisualScripting.Core.csproj", "{19905792-7b7b-bb04-f789-022783db4305}"
EndProject
Project("{FAE04EC0-301F-11D3-BF4B-00C04F79EFBC}") = "Unity.VisualScripting.Core.Editor", "Unity.VisualScripting.Core.Editor.csproj", "{de0b6104-6510-d405-da06-585750d01e23}"
EndProject
Project("{FAE04EC0-301F-11D3-BF4B-00C04F79EFBC}") = "Unity.VisualScripting.Flow.Editor", "Unity.VisualScripting.Flow.Editor.csproj", "{9aab5102-0d1d-3820-d193-05dbc0de61dc}"
EndProject
Project("{FAE04EC0-301F-11D3-BF4B-00C04F79EFBC}") = "UnityEditor.TestRunner", "UnityEditor.TestRunner.csproj", "{1f829b99-a624-ff62-e246-7d1a9ef9d1d6}"
EndProject
Project("{FAE04EC0-301F-11D3-BF4B-00C04F79EFBC}") = "Unity.VisualScripting.SettingsProvider.Editor", "Unity.VisualScripting.SettingsProvider.Editor.csproj", "{e2ce3dd0-7a33-6c9f-cf93-d324d93e613f}"
EndProject
Project("{FAE04EC0-301F-11D3-BF4B-00C04F79EFBC}") = "UnityEngine.TestRunner", "UnityEngine.TestRunner.csproj", "{4b482508-7345-15e0-5d87-070cdff737a8}"
EndProject
Project("{FAE04EC0-301F-11D3-BF4B-00C04F79EFBC}") = "UnityEngine.UI", "UnityEngine.UI.csproj", "{12da5da1-cecc-2150-7051-bb2897b2b377}"
EndProject
Project("{FAE04EC0-301F-11D3-BF4B-00C04F79EFBC}") = "Unity.VisualStudio.Editor", "Unity.VisualStudio.Editor.csproj", "{32d309b4-e904-5386-ac6d-2a931a472a4a}"
EndProject
Project("{FAE04EC0-301F-11D3-BF4B-00C04F79EFBC}") = "Unity.TestTools.CodeCoverage.Editor.OpenCover.Model", "Unity.TestTools.CodeCoverage.Editor.OpenCover.Model.csproj", "{d90d7ed5-3d8c-4e9f-d9f2-e26c1203d23f}"
EndProject
Project("{FAE04EC0-301F-11D3-BF4B-00C04F79EFBC}") = "Unity.Rider.Editor", "Unity.Rider.Editor.csproj", "{f1d99d1d-c4e6-4bb6-57b4-0c007b4c5fd0}"
EndProject
Project("{FAE04EC0-301F-11D3-BF4B-00C04F79EFBC}") = "Unity.VisualScripting.State.Editor", "Unity.VisualScripting.State.Editor.csproj", "{5a23a6f8-e811-c7c8-9ffa-c269d31b88f0}"
EndProject
Project("{FAE04EC0-301F-11D3-BF4B-00C04F79EFBC}") = "Unity.TestTools.CodeCoverage.Editor", "Unity.TestTools.CodeCoverage.Editor.csproj", "{85e764c7-6e39-92ed-a172-c4cfeda8a0c5}"
EndProject
Project("{FAE04EC0-301F-11D3-BF4B-00C04F79EFBC}") = "Unity.VisualScripting.State", "Unity.VisualScripting.State.csproj", "{b90075ff-1f46-5d0e-3e0f-8fc899b45c22}"
EndProject
Project("{FAE04EC0-301F-11D3-BF4B-00C04F79EFBC}") = "Unity.TextMeshPro", "Unity.TextMeshPro.csproj", "{8d1930ad-7f40-2db6-4fb6-54563bba1591}"
EndProject
Project("{FAE04EC0-301F-11D3-BF4B-00C04F79EFBC}") = "Unity.Performance.Profile-Analyzer.Editor", "Unity.Performance.Profile-Analyzer.Editor.csproj", "{cc419b29-0390-40f5-51b5-2df3f037f0e1}"
EndProject
Project("{FAE04EC0-301F-11D3-BF4B-00C04F79EFBC}") = "Unity.VSCode.Editor", "Unity.VSCode.Editor.csproj", "{4b44c002-f7be-a125-cf42-03af3da94fc9}"
EndProject
Project("{FAE04EC0-301F-11D3-BF4B-00C04F79EFBC}") = "Unity.TestTools.CodeCoverage.Editor.OpenCover.Mono.Reflection", "Unity.TestTools.CodeCoverage.Editor.OpenCover.Mono.Reflection.csproj", "{d0518973-5724-1f97-af75-f872e67751c2}"
EndProject
Project("{FAE04EC0-301F-11D3-BF4B-00C04F79EFBC}") = "Unity.Settings.Editor", "Unity.Settings.Editor.csproj", "{bde4cbdf-2f18-31b7-03c2-745cc4e19429}"
EndProject
Project("{FAE04EC0-301F-11D3-BF4B-00C04F79EFBC}") = "Assembly-CSharp", "Assembly-CSharp.csproj", "{313dc293-ba86-aa80-7eb6-f21888af446e}"
EndProject
Project("{FAE04EC0-301F-11D3-BF4B-00C04F79EFBC}") = "Unity.EditorCoroutines.Editor", "Unity.EditorCoroutines.Editor.csproj", "{d2d2c942-9161-cc62-9f64-312ebd2d80fd}"
EndProject
Project("{FAE04EC0-301F-11D3-BF4B-00C04F79EFBC}") = "Unity.VisualScripting.Shared.Editor", "Unity.VisualScripting.Shared.Editor.csproj", "{ba18416a-ea2d-ac6e-aed9-4e413ac7f2d0}"
EndProject
Project("{FAE04EC0-301F-11D3-BF4B-00C04F79EFBC}") = "Unity.CollabProxy.Editor", "Unity.CollabProxy.Editor.csproj", "{b73c3978-e1a2-550a-5f80-a644315193a9}"
EndProject
Project("{FAE04EC0-301F-11D3-BF4B-00C04F79EFBC}") = "Unity.Timeline", "Unity.Timeline.Player.csproj", "{edd54a63-50b0-3b06-1043-74b418d1490a}"
EndProject
Project("{FAE04EC0-301F-11D3-BF4B-00C04F79EFBC}") = "Unity.VisualScripting.Flow", "Unity.VisualScripting.Flow.Player.csproj", "{7f78136f-6ec2-9a84-6669-52e99e17a4f4}"
EndProject
Project("{FAE04EC0-301F-11D3-BF4B-00C04F79EFBC}") = "Unity.VisualScripting.Core", "Unity.VisualScripting.Core.Player.csproj", "{a7a6d8cb-8104-5076-c2f5-84a381092840}"
EndProject
Project("{FAE04EC0-301F-11D3-BF4B-00C04F79EFBC}") = "UnityEngine.TestRunner", "UnityEngine.TestRunner.Player.csproj", "{146a27de-e8e1-8229-62aa-996ad7d35893}"
EndProject
Project("{FAE04EC0-301F-11D3-BF4B-00C04F79EFBC}") = "UnityEngine.UI", "UnityEngine.UI.Player.csproj", "{a9a1fc4e-aaf1-9fda-bc37-52408286bc46}"
EndProject
Project("{FAE04EC0-301F-11D3-BF4B-00C04F79EFBC}") = "Unity.VisualScripting.State", "Unity.VisualScripting.State.Player.csproj", "{0781d866-6c94-3b9b-ee5e-a09e831ec049}"
EndProject
Project("{FAE04EC0-301F-11D3-BF4B-00C04F79EFBC}") = "Unity.TextMeshPro", "Unity.TextMeshPro.Player.csproj", "{12729064-0444-0e74-1aef-a440c862573f}"
EndProject
Project("{FAE04EC0-301F-11D3-BF4B-00C04F79EFBC}") = "Assembly-CSharp", "Assembly-CSharp.Player.csproj", "{621d49e2-f53d-ac83-ebd7-0a11ac1cb55a}"
EndProject
Project("{FAE04EC0-301F-11D3-BF4B-00C04F79EFBC}") = "Assembly-CSharp-Editor", "Assembly-CSharp-Editor.csproj", "{1f074ee4-a0bf-5239-cd7a-c03e47dcd38d}"
EndProject
Project("{FAE04EC0-301F-11D3-BF4B-00C04F79EFBC}") = "Unity.TestTools.CodeCoverage.Editor.Compatibility", "Unity.TestTools.CodeCoverage.Editor.Compatibility.csproj", "{6e2f4eca-0415-4d77-d6c3-0c66533bc25e}"
EndProject
Project("{FAE04EC0-301F-11D3-BF4B-00C04F79EFBC}") = "Unity.TextMeshPro.Editor.Tests", "Unity.TextMeshPro.Editor.Tests.csproj", "{c6ea1a64-5375-b39b-7ffd-a16fc118ee86}"
EndProject
Project("{FAE04EC0-301F-11D3-BF4B-00C04F79EFBC}") = "DocCodeExamples", "DocCodeExamples.csproj", "{048b574d-91b7-4f4e-b589-758fa448f341}"
EndProject
Project("{FAE04EC0-301F-11D3-BF4B-00C04F79EFBC}") = "Unity.Performance.Profile-Analyzer.EditorTests", "Unity.Performance.Profile-Analyzer.EditorTests.csproj", "{a48c2188-80b6-017f-0ca3-343d423f66bb}"
EndProject
Project("{FAE04EC0-301F-11D3-BF4B-00C04F79EFBC}") = "Unity.Settings.Tests", "Unity.Settings.Tests.csproj", "{09dca938-357d-b73a-efbe-6d4b7092ee76}"
EndProject
Project("{FAE04EC0-301F-11D3-BF4B-00C04F79EFBC}") = "UnityEngine.UI.Tests", "UnityEngine.UI.Tests.csproj", "{5d7f4536-1be6-0f6c-b455-94b354de5470}"
EndProject
Project("{FAE04EC0-301F-11D3-BF4B-00C04F79EFBC}") = "Unity.TextMeshPro.Tests", "Unity.TextMeshPro.Tests.csproj", "{e11be4f6-be35-93d3-9b57-e37049c3a19d}"
EndProject
Project("{FAE04EC0-301F-11D3-BF4B-00C04F79EFBC}") = "UnityEditor.UI.EditorTests", "UnityEditor.UI.EditorTests.csproj", "{ecc95851-3ad3-01d4-29f7-30ba2226ad48}"
EndProject
Global
	GlobalSection(SolutionConfigurationPlatforms) = preSolution
		Debug|Any CPU = Debug|Any CPU
	EndGlobalSection
	GlobalSection(ProjectConfigurationPlatforms) = postSolution
		{a14a500d-8081-93b8-7f11-766a7508ceed}.Debug|Any CPU.ActiveCfg = Debug|Any CPU
		{a14a500d-8081-93b8-7f11-766a7508ceed}.Debug|Any CPU.Build.0 = Debug|Any CPU
		{bf929ad9-f041-97d7-e4d7-de5bf42e81db}.Debug|Any CPU.ActiveCfg = Debug|Any CPU
		{bf929ad9-f041-97d7-e4d7-de5bf42e81db}.Debug|Any CPU.Build.0 = Debug|Any CPU
		{ae27d534-fbaf-7e1b-a493-4d95f78bb0a4}.Debug|Any CPU.ActiveCfg = Debug|Any CPU
		{ae27d534-fbaf-7e1b-a493-4d95f78bb0a4}.Debug|Any CPU.Build.0 = Debug|Any CPU
		{7e8e0d30-f128-0db0-d68d-aa685d5b362c}.Debug|Any CPU.ActiveCfg = Debug|Any CPU
		{7e8e0d30-f128-0db0-d68d-aa685d5b362c}.Debug|Any CPU.Build.0 = Debug|Any CPU
		{200aa341-80f3-6ba4-cd38-fe839fbcbc4c}.Debug|Any CPU.ActiveCfg = Debug|Any CPU
		{200aa341-80f3-6ba4-cd38-fe839fbcbc4c}.Debug|Any CPU.Build.0 = Debug|Any CPU
		{4c2c289a-6d97-7df1-d8ae-11179c2f23b8}.Debug|Any CPU.ActiveCfg = Debug|Any CPU
		{4c2c289a-6d97-7df1-d8ae-11179c2f23b8}.Debug|Any CPU.Build.0 = Debug|Any CPU
		{19905792-7b7b-bb04-f789-022783db4305}.Debug|Any CPU.ActiveCfg = Debug|Any CPU
		{19905792-7b7b-bb04-f789-022783db4305}.Debug|Any CPU.Build.0 = Debug|Any CPU
		{de0b6104-6510-d405-da06-585750d01e23}.Debug|Any CPU.ActiveCfg = Debug|Any CPU
		{de0b6104-6510-d405-da06-585750d01e23}.Debug|Any CPU.Build.0 = Debug|Any CPU
		{9aab5102-0d1d-3820-d193-05dbc0de61dc}.Debug|Any CPU.ActiveCfg = Debug|Any CPU
		{9aab5102-0d1d-3820-d193-05dbc0de61dc}.Debug|Any CPU.Build.0 = Debug|Any CPU
		{1f829b99-a624-ff62-e246-7d1a9ef9d1d6}.Debug|Any CPU.ActiveCfg = Debug|Any CPU
		{1f829b99-a624-ff62-e246-7d1a9ef9d1d6}.Debug|Any CPU.Build.0 = Debug|Any CPU
		{e2ce3dd0-7a33-6c9f-cf93-d324d93e613f}.Debug|Any CPU.ActiveCfg = Debug|Any CPU
		{e2ce3dd0-7a33-6c9f-cf93-d324d93e613f}.Debug|Any CPU.Build.0 = Debug|Any CPU
		{4b482508-7345-15e0-5d87-070cdff737a8}.Debug|Any CPU.ActiveCfg = Debug|Any CPU
		{4b482508-7345-15e0-5d87-070cdff737a8}.Debug|Any CPU.Build.0 = Debug|Any CPU
		{12da5da1-cecc-2150-7051-bb2897b2b377}.Debug|Any CPU.ActiveCfg = Debug|Any CPU
		{12da5da1-cecc-2150-7051-bb2897b2b377}.Debug|Any CPU.Build.0 = Debug|Any CPU
		{32d309b4-e904-5386-ac6d-2a931a472a4a}.Debug|Any CPU.ActiveCfg = Debug|Any CPU
		{32d309b4-e904-5386-ac6d-2a931a472a4a}.Debug|Any CPU.Build.0 = Debug|Any CPU
		{d90d7ed5-3d8c-4e9f-d9f2-e26c1203d23f}.Debug|Any CPU.ActiveCfg = Debug|Any CPU
		{d90d7ed5-3d8c-4e9f-d9f2-e26c1203d23f}.Debug|Any CPU.Build.0 = Debug|Any CPU
		{f1d99d1d-c4e6-4bb6-57b4-0c007b4c5fd0}.Debug|Any CPU.ActiveCfg = Debug|Any CPU
		{f1d99d1d-c4e6-4bb6-57b4-0c007b4c5fd0}.Debug|Any CPU.Build.0 = Debug|Any CPU
		{5a23a6f8-e811-c7c8-9ffa-c269d31b88f0}.Debug|Any CPU.ActiveCfg = Debug|Any CPU
		{5a23a6f8-e811-c7c8-9ffa-c269d31b88f0}.Debug|Any CPU.Build.0 = Debug|Any CPU
		{85e764c7-6e39-92ed-a172-c4cfeda8a0c5}.Debug|Any CPU.ActiveCfg = Debug|Any CPU
		{85e764c7-6e39-92ed-a172-c4cfeda8a0c5}.Debug|Any CPU.Build.0 = Debug|Any CPU
		{b90075ff-1f46-5d0e-3e0f-8fc899b45c22}.Debug|Any CPU.ActiveCfg = Debug|Any CPU
		{b90075ff-1f46-5d0e-3e0f-8fc899b45c22}.Debug|Any CPU.Build.0 = Debug|Any CPU
		{8d1930ad-7f40-2db6-4fb6-54563bba1591}.Debug|Any CPU.ActiveCfg = Debug|Any CPU
		{8d1930ad-7f40-2db6-4fb6-54563bba1591}.Debug|Any CPU.Build.0 = Debug|Any CPU
		{cc419b29-0390-40f5-51b5-2df3f037f0e1}.Debug|Any CPU.ActiveCfg = Debug|Any CPU
		{cc419b29-0390-40f5-51b5-2df3f037f0e1}.Debug|Any CPU.Build.0 = Debug|Any CPU
		{4b44c002-f7be-a125-cf42-03af3da94fc9}.Debug|Any CPU.ActiveCfg = Debug|Any CPU
		{4b44c002-f7be-a125-cf42-03af3da94fc9}.Debug|Any CPU.Build.0 = Debug|Any CPU
		{d0518973-5724-1f97-af75-f872e67751c2}.Debug|Any CPU.ActiveCfg = Debug|Any CPU
		{d0518973-5724-1f97-af75-f872e67751c2}.Debug|Any CPU.Build.0 = Debug|Any CPU
		{bde4cbdf-2f18-31b7-03c2-745cc4e19429}.Debug|Any CPU.ActiveCfg = Debug|Any CPU
		{bde4cbdf-2f18-31b7-03c2-745cc4e19429}.Debug|Any CPU.Build.0 = Debug|Any CPU
		{313dc293-ba86-aa80-7eb6-f21888af446e}.Debug|Any CPU.ActiveCfg = Debug|Any CPU
		{313dc293-ba86-aa80-7eb6-f21888af446e}.Debug|Any CPU.Build.0 = Debug|Any CPU
		{d2d2c942-9161-cc62-9f64-312ebd2d80fd}.Debug|Any CPU.ActiveCfg = Debug|Any CPU
		{d2d2c942-9161-cc62-9f64-312ebd2d80fd}.Debug|Any CPU.Build.0 = Debug|Any CPU
		{ba18416a-ea2d-ac6e-aed9-4e413ac7f2d0}.Debug|Any CPU.ActiveCfg = Debug|Any CPU
		{ba18416a-ea2d-ac6e-aed9-4e413ac7f2d0}.Debug|Any CPU.Build.0 = Debug|Any CPU
		{b73c3978-e1a2-550a-5f80-a644315193a9}.Debug|Any CPU.ActiveCfg = Debug|Any CPU
		{b73c3978-e1a2-550a-5f80-a644315193a9}.Debug|Any CPU.Build.0 = Debug|Any CPU
		{edd54a63-50b0-3b06-1043-74b418d1490a}.Debug|Any CPU.ActiveCfg = Debug|Any CPU
		{edd54a63-50b0-3b06-1043-74b418d1490a}.Debug|Any CPU.Build.0 = Debug|Any CPU
		{7f78136f-6ec2-9a84-6669-52e99e17a4f4}.Debug|Any CPU.ActiveCfg = Debug|Any CPU
		{7f78136f-6ec2-9a84-6669-52e99e17a4f4}.Debug|Any CPU.Build.0 = Debug|Any CPU
		{a7a6d8cb-8104-5076-c2f5-84a381092840}.Debug|Any CPU.ActiveCfg = Debug|Any CPU
		{a7a6d8cb-8104-5076-c2f5-84a381092840}.Debug|Any CPU.Build.0 = Debug|Any CPU
		{146a27de-e8e1-8229-62aa-996ad7d35893}.Debug|Any CPU.ActiveCfg = Debug|Any CPU
		{146a27de-e8e1-8229-62aa-996ad7d35893}.Debug|Any CPU.Build.0 = Debug|Any CPU
		{a9a1fc4e-aaf1-9fda-bc37-52408286bc46}.Debug|Any CPU.ActiveCfg = Debug|Any CPU
		{a9a1fc4e-aaf1-9fda-bc37-52408286bc46}.Debug|Any CPU.Build.0 = Debug|Any CPU
		{0781d866-6c94-3b9b-ee5e-a09e831ec049}.Debug|Any CPU.ActiveCfg = Debug|Any CPU
		{0781d866-6c94-3b9b-ee5e-a09e831ec049}.Debug|Any CPU.Build.0 = Debug|Any CPU
		{12729064-0444-0e74-1aef-a440c862573f}.Debug|Any CPU.ActiveCfg = Debug|Any CPU
		{12729064-0444-0e74-1aef-a440c862573f}.Debug|Any CPU.Build.0 = Debug|Any CPU
		{621d49e2-f53d-ac83-ebd7-0a11ac1cb55a}.Debug|Any CPU.ActiveCfg = Debug|Any CPU
		{621d49e2-f53d-ac83-ebd7-0a11ac1cb55a}.Debug|Any CPU.Build.0 = Debug|Any CPU
		{1f074ee4-a0bf-5239-cd7a-c03e47dcd38d}.Debug|Any CPU.ActiveCfg = Debug|Any CPU
		{1f074ee4-a0bf-5239-cd7a-c03e47dcd38d}.Debug|Any CPU.Build.0 = Debug|Any CPU
		{6e2f4eca-0415-4d77-d6c3-0c66533bc25e}.Debug|Any CPU.ActiveCfg = Debug|Any CPU
		{6e2f4eca-0415-4d77-d6c3-0c66533bc25e}.Debug|Any CPU.Build.0 = Debug|Any CPU
		{c6ea1a64-5375-b39b-7ffd-a16fc118ee86}.Debug|Any CPU.ActiveCfg = Debug|Any CPU
		{c6ea1a64-5375-b39b-7ffd-a16fc118ee86}.Debug|Any CPU.Build.0 = Debug|Any CPU
		{048b574d-91b7-4f4e-b589-758fa448f341}.Debug|Any CPU.ActiveCfg = Debug|Any CPU
		{048b574d-91b7-4f4e-b589-758fa448f341}.Debug|Any CPU.Build.0 = Debug|Any CPU
		{a48c2188-80b6-017f-0ca3-343d423f66bb}.Debug|Any CPU.ActiveCfg = Debug|Any CPU
		{a48c2188-80b6-017f-0ca3-343d423f66bb}.Debug|Any CPU.Build.0 = Debug|Any CPU
		{09dca938-357d-b73a-efbe-6d4b7092ee76}.Debug|Any CPU.ActiveCfg = Debug|Any CPU
		{09dca938-357d-b73a-efbe-6d4b7092ee76}.Debug|Any CPU.Build.0 = Debug|Any CPU
		{5d7f4536-1be6-0f6c-b455-94b354de5470}.Debug|Any CPU.ActiveCfg = Debug|Any CPU
		{5d7f4536-1be6-0f6c-b455-94b354de5470}.Debug|Any CPU.Build.0 = Debug|Any CPU
		{e11be4f6-be35-93d3-9b57-e37049c3a19d}.Debug|Any CPU.ActiveCfg = Debug|Any CPU
		{e11be4f6-be35-93d3-9b57-e37049c3a19d}.Debug|Any CPU.Build.0 = Debug|Any CPU
		{ecc95851-3ad3-01d4-29f7-30ba2226ad48}.Debug|Any CPU.ActiveCfg = Debug|Any CPU
		{ecc95851-3ad3-01d4-29f7-30ba2226ad48}.Debug|Any CPU.Build.0 = Debug|Any CPU
	EndGlobalSection
	GlobalSection(SolutionProperties) = preSolution
		HideSolutionNode = FALSE
	EndGlobalSection
EndGlobal
